// !$*UTF8*$!
{
	archiveVersion = 1;
	classes = {
	};
	objectVersion = 56;
	objects = {

/* Begin PBXBuildFile section */
		F4034CC529191B1400423FAF /* MainViewModel.swift in Sources */ = {isa = PBXBuildFile; fileRef = F4034CAD29191B1400423FAF /* MainViewModel.swift */; };
		F4034CC629191B1400423FAF /* MainViewController.swift in Sources */ = {isa = PBXBuildFile; fileRef = F4034CAF29191B1400423FAF /* MainViewController.swift */; };
		F4034CC729191B1400423FAF /* MainView.swift in Sources */ = {isa = PBXBuildFile; fileRef = F4034CB029191B1400423FAF /* MainView.swift */; };
		F4034CC829191B1400423FAF /* MainCell.swift in Sources */ = {isa = PBXBuildFile; fileRef = F4034CB129191B1400423FAF /* MainCell.swift */; };
		F4034CC929191B1400423FAF /* BaseViewCollectionViewCell.swift in Sources */ = {isa = PBXBuildFile; fileRef = F4034CB429191B1400423FAF /* BaseViewCollectionViewCell.swift */; };
		F4034CCA29191B1400423FAF /* BaseViewContoroller.swift in Sources */ = {isa = PBXBuildFile; fileRef = F4034CB529191B1400423FAF /* BaseViewContoroller.swift */; };
		F4034CCB29191B1400423FAF /* BaseView.swift in Sources */ = {isa = PBXBuildFile; fileRef = F4034CB629191B1400423FAF /* BaseView.swift */; };
		F4034CCC29191B1400423FAF /* UIViewController.swift in Sources */ = {isa = PBXBuildFile; fileRef = F4034CB929191B1400423FAF /* UIViewController.swift */; };
		F4034CCD29191B1400423FAF /* NSObject.swift in Sources */ = {isa = PBXBuildFile; fileRef = F4034CBB29191B1400423FAF /* NSObject.swift */; };
		F4034CCE29191B1400423FAF /* AppDelegate.swift in Sources */ = {isa = PBXBuildFile; fileRef = F4034CBF29191B1400423FAF /* AppDelegate.swift */; };
		F4034CCF29191B1400423FAF /* SceneDelegate.swift in Sources */ = {isa = PBXBuildFile; fileRef = F4034CC029191B1400423FAF /* SceneDelegate.swift */; };
		F4034CD029191B1400423FAF /* BaseCode.swift in Sources */ = {isa = PBXBuildFile; fileRef = F4034CC429191B1400423FAF /* BaseCode.swift */; };
		F45119972919230B0058571C /* SeSacColor.swift in Sources */ = {isa = PBXBuildFile; fileRef = F45119962919230B0058571C /* SeSacColor.swift */; };
		F451199A291926A00058571C /* SeSacButton.swift in Sources */ = {isa = PBXBuildFile; fileRef = F4511999291926A00058571C /* SeSacButton.swift */; };
		F451199D291928C10058571C /* SnapKit in Frameworks */ = {isa = PBXBuildFile; productRef = F451199C291928C10058571C /* SnapKit */; };
		F463403C2918FE54008A50D6 /* Assets.xcassets in Resources */ = {isa = PBXBuildFile; fileRef = F463403B2918FE54008A50D6 /* Assets.xcassets */; };
		F463403F2918FE54008A50D6 /* LaunchScreen.storyboard in Resources */ = {isa = PBXBuildFile; fileRef = F463403D2918FE54008A50D6 /* LaunchScreen.storyboard */; };
/* End PBXBuildFile section */

/* Begin PBXFileReference section */
		F4034CAD29191B1400423FAF /* MainViewModel.swift */ = {isa = PBXFileReference; fileEncoding = 4; lastKnownFileType = sourcecode.swift; path = MainViewModel.swift; sourceTree = "<group>"; };
		F4034CAF29191B1400423FAF /* MainViewController.swift */ = {isa = PBXFileReference; fileEncoding = 4; lastKnownFileType = sourcecode.swift; path = MainViewController.swift; sourceTree = "<group>"; };
		F4034CB029191B1400423FAF /* MainView.swift */ = {isa = PBXFileReference; fileEncoding = 4; lastKnownFileType = sourcecode.swift; path = MainView.swift; sourceTree = "<group>"; };
		F4034CB129191B1400423FAF /* MainCell.swift */ = {isa = PBXFileReference; fileEncoding = 4; lastKnownFileType = sourcecode.swift; path = MainCell.swift; sourceTree = "<group>"; };
		F4034CB429191B1400423FAF /* BaseViewCollectionViewCell.swift */ = {isa = PBXFileReference; fileEncoding = 4; lastKnownFileType = sourcecode.swift; path = BaseViewCollectionViewCell.swift; sourceTree = "<group>"; };
		F4034CB529191B1400423FAF /* BaseViewContoroller.swift */ = {isa = PBXFileReference; fileEncoding = 4; lastKnownFileType = sourcecode.swift; path = BaseViewContoroller.swift; sourceTree = "<group>"; };
		F4034CB629191B1400423FAF /* BaseView.swift */ = {isa = PBXFileReference; fileEncoding = 4; lastKnownFileType = sourcecode.swift; path = BaseView.swift; sourceTree = "<group>"; };
		F4034CB929191B1400423FAF /* UIViewController.swift */ = {isa = PBXFileReference; fileEncoding = 4; lastKnownFileType = sourcecode.swift; path = UIViewController.swift; sourceTree = "<group>"; };
		F4034CBB29191B1400423FAF /* NSObject.swift */ = {isa = PBXFileReference; fileEncoding = 4; lastKnownFileType = sourcecode.swift; path = NSObject.swift; sourceTree = "<group>"; };
		F4034CBF29191B1400423FAF /* AppDelegate.swift */ = {isa = PBXFileReference; fileEncoding = 4; lastKnownFileType = sourcecode.swift; path = AppDelegate.swift; sourceTree = "<group>"; };
		F4034CC029191B1400423FAF /* SceneDelegate.swift */ = {isa = PBXFileReference; fileEncoding = 4; lastKnownFileType = sourcecode.swift; path = SceneDelegate.swift; sourceTree = "<group>"; };
		F4034CC429191B1400423FAF /* BaseCode.swift */ = {isa = PBXFileReference; fileEncoding = 4; lastKnownFileType = sourcecode.swift; path = BaseCode.swift; sourceTree = "<group>"; };
		F45119962919230B0058571C /* SeSacColor.swift */ = {isa = PBXFileReference; lastKnownFileType = sourcecode.swift; path = SeSacColor.swift; sourceTree = "<group>"; };
		F4511999291926A00058571C /* SeSacButton.swift */ = {isa = PBXFileReference; lastKnownFileType = sourcecode.swift; path = SeSacButton.swift; sourceTree = "<group>"; };
		F463402F2918FE53008A50D6 /* Study-Matching.app */ = {isa = PBXFileReference; explicitFileType = wrapper.application; includeInIndex = 0; path = "Study-Matching.app"; sourceTree = BUILT_PRODUCTS_DIR; };
		F463403B2918FE54008A50D6 /* Assets.xcassets */ = {isa = PBXFileReference; lastKnownFileType = folder.assetcatalog; path = Assets.xcassets; sourceTree = "<group>"; };
		F463403E2918FE54008A50D6 /* Base */ = {isa = PBXFileReference; lastKnownFileType = file.storyboard; name = Base; path = Base.lproj/LaunchScreen.storyboard; sourceTree = "<group>"; };
		F46340402918FE54008A50D6 /* Info.plist */ = {isa = PBXFileReference; lastKnownFileType = text.plist.xml; path = Info.plist; sourceTree = "<group>"; };
/* End PBXFileReference section */

/* Begin PBXFrameworksBuildPhase section */
		F463402C2918FE53008A50D6 /* Frameworks */ = {
			isa = PBXFrameworksBuildPhase;
			buildActionMask = 2147483647;
			files = (
				F451199D291928C10058571C /* SnapKit in Frameworks */,
			);
			runOnlyForDeploymentPostprocessing = 0;
		};
/* End PBXFrameworksBuildPhase section */

/* Begin PBXGroup section */
		F4034CA829191B1400423FAF /* Sources */ = {
			isa = PBXGroup;
			children = (
				F4034CBE29191B1400423FAF /* Application */,
				F4034CA929191B1400423FAF /* DataBase */,
				F4034CBD29191B1400423FAF /* Networking */,
				F4034CAA29191B1400423FAF /* Scenes */,
				F4034CB229191B1400423FAF /* Commons */,
			);
			path = Sources;
			sourceTree = "<group>";
		};
		F4034CA929191B1400423FAF /* DataBase */ = {
			isa = PBXGroup;
			children = (
			);
			path = DataBase;
			sourceTree = "<group>";
		};
		F4034CAA29191B1400423FAF /* Scenes */ = {
			isa = PBXGroup;
			children = (
				F4034CAB29191B1400423FAF /* Main */,
			);
			path = Scenes;
			sourceTree = "<group>";
		};
		F4034CAB29191B1400423FAF /* Main */ = {
			isa = PBXGroup;
			children = (
				F4034CAC29191B1400423FAF /* ViewModel */,
				F4034CAE29191B1400423FAF /* View */,
			);
			path = Main;
			sourceTree = "<group>";
		};
		F4034CAC29191B1400423FAF /* ViewModel */ = {
			isa = PBXGroup;
			children = (
				F4034CAD29191B1400423FAF /* MainViewModel.swift */,
			);
			path = ViewModel;
			sourceTree = "<group>";
		};
		F4034CAE29191B1400423FAF /* View */ = {
			isa = PBXGroup;
			children = (
				F4034CAF29191B1400423FAF /* MainViewController.swift */,
				F4034CB029191B1400423FAF /* MainView.swift */,
				F4034CB129191B1400423FAF /* MainCell.swift */,
			);
			path = View;
			sourceTree = "<group>";
		};
		F4034CB229191B1400423FAF /* Commons */ = {
			isa = PBXGroup;
			children = (
				F4511995291922AE0058571C /* Constants */,
				F4034CB329191B1400423FAF /* Bases */,
				F4034CB729191B1400423FAF /* Extensions */,
				F4034CBC29191B1400423FAF /* Components */,
			);
			path = Commons;
			sourceTree = "<group>";
		};
		F4034CB329191B1400423FAF /* Bases */ = {
			isa = PBXGroup;
			children = (
				F4034CB629191B1400423FAF /* BaseView.swift */,
				F4034CB429191B1400423FAF /* BaseViewCollectionViewCell.swift */,
				F4034CB529191B1400423FAF /* BaseViewContoroller.swift */,
			);
			path = Bases;
			sourceTree = "<group>";
		};
		F4034CB729191B1400423FAF /* Extensions */ = {
			isa = PBXGroup;
			children = (
				F4034CB829191B1400423FAF /* UIKit */,
				F4034CBA29191B1400423FAF /* Foundation */,
			);
			path = Extensions;
			sourceTree = "<group>";
		};
		F4034CB829191B1400423FAF /* UIKit */ = {
			isa = PBXGroup;
			children = (
				F4034CB929191B1400423FAF /* UIViewController.swift */,
			);
			path = UIKit;
			sourceTree = "<group>";
		};
		F4034CBA29191B1400423FAF /* Foundation */ = {
			isa = PBXGroup;
			children = (
				F4034CBB29191B1400423FAF /* NSObject.swift */,
			);
			path = Foundation;
			sourceTree = "<group>";
		};
		F4034CBC29191B1400423FAF /* Components */ = {
			isa = PBXGroup;
			children = (
				F4511999291926A00058571C /* SeSacButton.swift */,
			);
			path = Components;
			sourceTree = "<group>";
		};
		F4034CBD29191B1400423FAF /* Networking */ = {
			isa = PBXGroup;
			children = (
			);
			path = Networking;
			sourceTree = "<group>";
		};
		F4034CBE29191B1400423FAF /* Application */ = {
			isa = PBXGroup;
			children = (
				F4034CBF29191B1400423FAF /* AppDelegate.swift */,
				F4034CC029191B1400423FAF /* SceneDelegate.swift */,
			);
			path = Application;
			sourceTree = "<group>";
		};
		F4034CC129191B1400423FAF /* Supportings */ = {
			isa = PBXGroup;
			children = (
				F46340402918FE54008A50D6 /* Info.plist */,
			);
			path = Supportings;
			sourceTree = "<group>";
		};
		F4034CC229191B1400423FAF /* Resources */ = {
			isa = PBXGroup;
			children = (
				F463403D2918FE54008A50D6 /* LaunchScreen.storyboard */,
				F463403B2918FE54008A50D6 /* Assets.xcassets */,
				F4034CC329191B1400423FAF /* BaseCode */,
			);
			path = Resources;
			sourceTree = "<group>";
		};
		F4034CC329191B1400423FAF /* BaseCode */ = {
			isa = PBXGroup;
			children = (
				F4034CC429191B1400423FAF /* BaseCode.swift */,
			);
			path = BaseCode;
			sourceTree = "<group>";
		};
		F4511995291922AE0058571C /* Constants */ = {
			isa = PBXGroup;
			children = (
				F45119962919230B0058571C /* SeSacColor.swift */,
			);
			path = Constants;
			sourceTree = "<group>";
		};
		F46340262918FE53008A50D6 = {
			isa = PBXGroup;
			children = (
				F46340312918FE53008A50D6 /* Study-Matching */,
				F46340302918FE53008A50D6 /* Products */,
			);
			sourceTree = "<group>";
		};
		F46340302918FE53008A50D6 /* Products */ = {
			isa = PBXGroup;
			children = (
				F463402F2918FE53008A50D6 /* Study-Matching.app */,
			);
			name = Products;
			sourceTree = "<group>";
		};
		F46340312918FE53008A50D6 /* Study-Matching */ = {
			isa = PBXGroup;
			children = (
				F4034CA829191B1400423FAF /* Sources */,
				F4034CC229191B1400423FAF /* Resources */,
				F4034CC129191B1400423FAF /* Supportings */,
			);
			path = "Study-Matching";
			sourceTree = "<group>";
		};
/* End PBXGroup section */

/* Begin PBXNativeTarget section */
		F463402E2918FE53008A50D6 /* Study-Matching */ = {
			isa = PBXNativeTarget;
			buildConfigurationList = F46340432918FE54008A50D6 /* Build configuration list for PBXNativeTarget "Study-Matching" */;
			buildPhases = (
				F463402B2918FE53008A50D6 /* Sources */,
				F463402C2918FE53008A50D6 /* Frameworks */,
				F463402D2918FE53008A50D6 /* Resources */,
			);
			buildRules = (
			);
			dependencies = (
			);
			name = "Study-Matching";
			packageProductDependencies = (
				F451199C291928C10058571C /* SnapKit */,
			);
			productName = "Study-Matching";
			productReference = F463402F2918FE53008A50D6 /* Study-Matching.app */;
			productType = "com.apple.product-type.application";
		};
/* End PBXNativeTarget section */

/* Begin PBXProject section */
		F46340272918FE53008A50D6 /* Project object */ = {
			isa = PBXProject;
			attributes = {
				BuildIndependentTargetsInParallel = 1;
				LastSwiftUpdateCheck = 1400;
				LastUpgradeCheck = 1400;
				TargetAttributes = {
					F463402E2918FE53008A50D6 = {
						CreatedOnToolsVersion = 14.0;
					};
				};
			};
			buildConfigurationList = F463402A2918FE53008A50D6 /* Build configuration list for PBXProject "Study-Matching" */;
			compatibilityVersion = "Xcode 14.0";
			developmentRegion = en;
			hasScannedForEncodings = 0;
			knownRegions = (
				en,
				Base,
			);
			mainGroup = F46340262918FE53008A50D6;
			packageReferences = (
				F451199B291928C10058571C /* XCRemoteSwiftPackageReference "SnapKit" */,
			);
			productRefGroup = F46340302918FE53008A50D6 /* Products */;
			projectDirPath = "";
			projectRoot = "";
			targets = (
				F463402E2918FE53008A50D6 /* Study-Matching */,
			);
		};
/* End PBXProject section */

/* Begin PBXResourcesBuildPhase section */
		F463402D2918FE53008A50D6 /* Resources */ = {
			isa = PBXResourcesBuildPhase;
			buildActionMask = 2147483647;
			files = (
				F463403F2918FE54008A50D6 /* LaunchScreen.storyboard in Resources */,
				F463403C2918FE54008A50D6 /* Assets.xcassets in Resources */,
			);
			runOnlyForDeploymentPostprocessing = 0;
		};
/* End PBXResourcesBuildPhase section */

/* Begin PBXSourcesBuildPhase section */
		F463402B2918FE53008A50D6 /* Sources */ = {
			isa = PBXSourcesBuildPhase;
			buildActionMask = 2147483647;
			files = (
				F4034CCE29191B1400423FAF /* AppDelegate.swift in Sources */,
				F451199A291926A00058571C /* SeSacButton.swift in Sources */,
				F4034CCD29191B1400423FAF /* NSObject.swift in Sources */,
				F4034CD029191B1400423FAF /* BaseCode.swift in Sources */,
				F4034CC829191B1400423FAF /* MainCell.swift in Sources */,
				F45119972919230B0058571C /* SeSacColor.swift in Sources */,
				F4034CC529191B1400423FAF /* MainViewModel.swift in Sources */,
				F4034CCC29191B1400423FAF /* UIViewController.swift in Sources */,
				F4034CC929191B1400423FAF /* BaseViewCollectionViewCell.swift in Sources */,
				F4034CCF29191B1400423FAF /* SceneDelegate.swift in Sources */,
				F4034CCA29191B1400423FAF /* BaseViewContoroller.swift in Sources */,
				F4034CCB29191B1400423FAF /* BaseView.swift in Sources */,
				F4034CC729191B1400423FAF /* MainView.swift in Sources */,
				F4034CC629191B1400423FAF /* MainViewController.swift in Sources */,
			);
			runOnlyForDeploymentPostprocessing = 0;
		};
/* End PBXSourcesBuildPhase section */

/* Begin PBXVariantGroup section */
		F463403D2918FE54008A50D6 /* LaunchScreen.storyboard */ = {
			isa = PBXVariantGroup;
			children = (
				F463403E2918FE54008A50D6 /* Base */,
			);
			name = LaunchScreen.storyboard;
			sourceTree = "<group>";
		};
/* End PBXVariantGroup section */

/* Begin XCBuildConfiguration section */
		F46340412918FE54008A50D6 /* Debug */ = {
			isa = XCBuildConfiguration;
			buildSettings = {
				ALWAYS_SEARCH_USER_PATHS = NO;
				CLANG_ANALYZER_NONNULL = YES;
				CLANG_ANALYZER_NUMBER_OBJECT_CONVERSION = YES_AGGRESSIVE;
				CLANG_CXX_LANGUAGE_STANDARD = "gnu++20";
				CLANG_ENABLE_MODULES = YES;
				CLANG_ENABLE_OBJC_ARC = YES;
				CLANG_ENABLE_OBJC_WEAK = YES;
				CLANG_WARN_BLOCK_CAPTURE_AUTORELEASING = YES;
				CLANG_WARN_BOOL_CONVERSION = YES;
				CLANG_WARN_COMMA = YES;
				CLANG_WARN_CONSTANT_CONVERSION = YES;
				CLANG_WARN_DEPRECATED_OBJC_IMPLEMENTATIONS = YES;
				CLANG_WARN_DIRECT_OBJC_ISA_USAGE = YES_ERROR;
				CLANG_WARN_DOCUMENTATION_COMMENTS = YES;
				CLANG_WARN_EMPTY_BODY = YES;
				CLANG_WARN_ENUM_CONVERSION = YES;
				CLANG_WARN_INFINITE_RECURSION = YES;
				CLANG_WARN_INT_CONVERSION = YES;
				CLANG_WARN_NON_LITERAL_NULL_CONVERSION = YES;
				CLANG_WARN_OBJC_IMPLICIT_RETAIN_SELF = YES;
				CLANG_WARN_OBJC_LITERAL_CONVERSION = YES;
				CLANG_WARN_OBJC_ROOT_CLASS = YES_ERROR;
				CLANG_WARN_QUOTED_INCLUDE_IN_FRAMEWORK_HEADER = YES;
				CLANG_WARN_RANGE_LOOP_ANALYSIS = YES;
				CLANG_WARN_STRICT_PROTOTYPES = YES;
				CLANG_WARN_SUSPICIOUS_MOVE = YES;
				CLANG_WARN_UNGUARDED_AVAILABILITY = YES_AGGRESSIVE;
				CLANG_WARN_UNREACHABLE_CODE = YES;
				CLANG_WARN__DUPLICATE_METHOD_MATCH = YES;
				COPY_PHASE_STRIP = NO;
				DEBUG_INFORMATION_FORMAT = dwarf;
				ENABLE_STRICT_OBJC_MSGSEND = YES;
				ENABLE_TESTABILITY = YES;
				GCC_C_LANGUAGE_STANDARD = gnu11;
				GCC_DYNAMIC_NO_PIC = NO;
				GCC_NO_COMMON_BLOCKS = YES;
				GCC_OPTIMIZATION_LEVEL = 0;
				GCC_PREPROCESSOR_DEFINITIONS = (
					"DEBUG=1",
					"$(inherited)",
				);
				GCC_WARN_64_TO_32_BIT_CONVERSION = YES;
				GCC_WARN_ABOUT_RETURN_TYPE = YES_ERROR;
				GCC_WARN_UNDECLARED_SELECTOR = YES;
				GCC_WARN_UNINITIALIZED_AUTOS = YES_AGGRESSIVE;
				GCC_WARN_UNUSED_FUNCTION = YES;
				GCC_WARN_UNUSED_VARIABLE = YES;
				IPHONEOS_DEPLOYMENT_TARGET = 16.0;
				MTL_ENABLE_DEBUG_INFO = INCLUDE_SOURCE;
				MTL_FAST_MATH = YES;
				ONLY_ACTIVE_ARCH = YES;
				SDKROOT = iphoneos;
				SWIFT_ACTIVE_COMPILATION_CONDITIONS = DEBUG;
				SWIFT_OPTIMIZATION_LEVEL = "-Onone";
			};
			name = Debug;
		};
		F46340422918FE54008A50D6 /* Release */ = {
			isa = XCBuildConfiguration;
			buildSettings = {
				ALWAYS_SEARCH_USER_PATHS = NO;
				CLANG_ANALYZER_NONNULL = YES;
				CLANG_ANALYZER_NUMBER_OBJECT_CONVERSION = YES_AGGRESSIVE;
				CLANG_CXX_LANGUAGE_STANDARD = "gnu++20";
				CLANG_ENABLE_MODULES = YES;
				CLANG_ENABLE_OBJC_ARC = YES;
				CLANG_ENABLE_OBJC_WEAK = YES;
				CLANG_WARN_BLOCK_CAPTURE_AUTORELEASING = YES;
				CLANG_WARN_BOOL_CONVERSION = YES;
				CLANG_WARN_COMMA = YES;
				CLANG_WARN_CONSTANT_CONVERSION = YES;
				CLANG_WARN_DEPRECATED_OBJC_IMPLEMENTATIONS = YES;
				CLANG_WARN_DIRECT_OBJC_ISA_USAGE = YES_ERROR;
				CLANG_WARN_DOCUMENTATION_COMMENTS = YES;
				CLANG_WARN_EMPTY_BODY = YES;
				CLANG_WARN_ENUM_CONVERSION = YES;
				CLANG_WARN_INFINITE_RECURSION = YES;
				CLANG_WARN_INT_CONVERSION = YES;
				CLANG_WARN_NON_LITERAL_NULL_CONVERSION = YES;
				CLANG_WARN_OBJC_IMPLICIT_RETAIN_SELF = YES;
				CLANG_WARN_OBJC_LITERAL_CONVERSION = YES;
				CLANG_WARN_OBJC_ROOT_CLASS = YES_ERROR;
				CLANG_WARN_QUOTED_INCLUDE_IN_FRAMEWORK_HEADER = YES;
				CLANG_WARN_RANGE_LOOP_ANALYSIS = YES;
				CLANG_WARN_STRICT_PROTOTYPES = YES;
				CLANG_WARN_SUSPICIOUS_MOVE = YES;
				CLANG_WARN_UNGUARDED_AVAILABILITY = YES_AGGRESSIVE;
				CLANG_WARN_UNREACHABLE_CODE = YES;
				CLANG_WARN__DUPLICATE_METHOD_MATCH = YES;
				COPY_PHASE_STRIP = NO;
				DEBUG_INFORMATION_FORMAT = "dwarf-with-dsym";
				ENABLE_NS_ASSERTIONS = NO;
				ENABLE_STRICT_OBJC_MSGSEND = YES;
				GCC_C_LANGUAGE_STANDARD = gnu11;
				GCC_NO_COMMON_BLOCKS = YES;
				GCC_WARN_64_TO_32_BIT_CONVERSION = YES;
				GCC_WARN_ABOUT_RETURN_TYPE = YES_ERROR;
				GCC_WARN_UNDECLARED_SELECTOR = YES;
				GCC_WARN_UNINITIALIZED_AUTOS = YES_AGGRESSIVE;
				GCC_WARN_UNUSED_FUNCTION = YES;
				GCC_WARN_UNUSED_VARIABLE = YES;
				IPHONEOS_DEPLOYMENT_TARGET = 16.0;
				MTL_ENABLE_DEBUG_INFO = NO;
				MTL_FAST_MATH = YES;
				SDKROOT = iphoneos;
				SWIFT_COMPILATION_MODE = wholemodule;
				SWIFT_OPTIMIZATION_LEVEL = "-O";
				VALIDATE_PRODUCT = YES;
			};
			name = Release;
		};
		F46340442918FE54008A50D6 /* Debug */ = {
			isa = XCBuildConfiguration;
			buildSettings = {
				ASSETCATALOG_COMPILER_APPICON_NAME = AppIcon;
				ASSETCATALOG_COMPILER_GLOBAL_ACCENT_COLOR_NAME = AccentColor;
				CODE_SIGN_STYLE = Automatic;
				CURRENT_PROJECT_VERSION = 1;
				DEVELOPMENT_TEAM = M526U856M5;
				GENERATE_INFOPLIST_FILE = YES;
				INFOPLIST_FILE = "Study-Matching/Supportings/Info.plist";
				INFOPLIST_KEY_UIApplicationSupportsIndirectInputEvents = YES;
				INFOPLIST_KEY_UILaunchStoryboardName = LaunchScreen;
				INFOPLIST_KEY_UISupportedInterfaceOrientations_iPad = "UIInterfaceOrientationPortrait UIInterfaceOrientationPortraitUpsideDown UIInterfaceOrientationLandscapeLeft UIInterfaceOrientationLandscapeRight";
				INFOPLIST_KEY_UISupportedInterfaceOrientations_iPhone = "UIInterfaceOrientationPortrait UIInterfaceOrientationLandscapeLeft UIInterfaceOrientationLandscapeRight";
				LD_RUNPATH_SEARCH_PATHS = (
					"$(inherited)",
					"@executable_path/Frameworks",
				);
				MARKETING_VERSION = 1.0;
				PRODUCT_BUNDLE_IDENTIFIER = "com.haha1haka.Study-Matching";
				PRODUCT_NAME = "$(TARGET_NAME)";
				SUPPORTED_PLATFORMS = "iphoneos iphonesimulator";
				SUPPORTS_MACCATALYST = NO;
				SUPPORTS_MAC_DESIGNED_FOR_IPHONE_IPAD = NO;
				SWIFT_EMIT_LOC_STRINGS = YES;
				SWIFT_VERSION = 5.0;
				TARGETED_DEVICE_FAMILY = 1;
			};
			name = Debug;
		};
		F46340452918FE54008A50D6 /* Release */ = {
			isa = XCBuildConfiguration;
			buildSettings = {
				ASSETCATALOG_COMPILER_APPICON_NAME = AppIcon;
				ASSETCATALOG_COMPILER_GLOBAL_ACCENT_COLOR_NAME = AccentColor;
				CODE_SIGN_STYLE = Automatic;
				CURRENT_PROJECT_VERSION = 1;
				DEVELOPMENT_TEAM = M526U856M5;
				GENERATE_INFOPLIST_FILE = YES;
				INFOPLIST_FILE = "Study-Matching/Supportings/Info.plist";
				INFOPLIST_KEY_UIApplicationSupportsIndirectInputEvents = YES;
				INFOPLIST_KEY_UILaunchStoryboardName = LaunchScreen;
				INFOPLIST_KEY_UISupportedInterfaceOrientations_iPad = "UIInterfaceOrientationPortrait UIInterfaceOrientationPortraitUpsideDown UIInterfaceOrientationLandscapeLeft UIInterfaceOrientationLandscapeRight";
				INFOPLIST_KEY_UISupportedInterfaceOrientations_iPhone = "UIInterfaceOrientationPortrait UIInterfaceOrientationLandscapeLeft UIInterfaceOrientationLandscapeRight";
				LD_RUNPATH_SEARCH_PATHS = (
					"$(inherited)",
					"@executable_path/Frameworks",
				);
				MARKETING_VERSION = 1.0;
				PRODUCT_BUNDLE_IDENTIFIER = "com.haha1haka.Study-Matching";
				PRODUCT_NAME = "$(TARGET_NAME)";
				SUPPORTED_PLATFORMS = "iphoneos iphonesimulator";
				SUPPORTS_MACCATALYST = NO;
				SUPPORTS_MAC_DESIGNED_FOR_IPHONE_IPAD = NO;
				SWIFT_EMIT_LOC_STRINGS = YES;
				SWIFT_VERSION = 5.0;
				TARGETED_DEVICE_FAMILY = 1;
			};
			name = Release;
		};
/* End XCBuildConfiguration section */

/* Begin XCConfigurationList section */
		F463402A2918FE53008A50D6 /* Build configuration list for PBXProject "Study-Matching" */ = {
			isa = XCConfigurationList;
			buildConfigurations = (
				F46340412918FE54008A50D6 /* Debug */,
				F46340422918FE54008A50D6 /* Release */,
			);
			defaultConfigurationIsVisible = 0;
			defaultConfigurationName = Release;
		};
		F46340432918FE54008A50D6 /* Build configuration list for PBXNativeTarget "Study-Matching" */ = {
			isa = XCConfigurationList;
			buildConfigurations = (
				F46340442918FE54008A50D6 /* Debug */,
				F46340452918FE54008A50D6 /* Release */,
			);
			defaultConfigurationIsVisible = 0;
			defaultConfigurationName = Release;
		};
/* End XCConfigurationList section */

/* Begin XCRemoteSwiftPackageReference section */
		F451199B291928C10058571C /* XCRemoteSwiftPackageReference "SnapKit" */ = {
			isa = XCRemoteSwiftPackageReference;
			repositoryURL = "https://github.com/SnapKit/SnapKit";
			requirement = {
				kind = upToNextMajorVersion;
				minimumVersion = 5.0.0;
			};
		};
/* End XCRemoteSwiftPackageReference section */

/* Begin XCSwiftPackageProductDependency section */
		F451199C291928C10058571C /* SnapKit */ = {
			isa = XCSwiftPackageProductDependency;
			package = F451199B291928C10058571C /* XCRemoteSwiftPackageReference "SnapKit" */;
			productName = SnapKit;
		};
/* End XCSwiftPackageProductDependency section */
	};
	rootObject = F46340272918FE53008A50D6 /* Project object */;
}
