// !$*UTF8*$!
{
	archiveVersion = 1;
	classes = {
	};
	objectVersion = 56;
	objects = {

/* Begin PBXBuildFile section */
		F4034CC529191B1400423FAF /* MainViewModel.swift in Sources */ = {isa = PBXBuildFile; fileRef = F4034CAD29191B1400423FAF /* MainViewModel.swift */; };
		F4034CC629191B1400423FAF /* HomeViewController.swift in Sources */ = {isa = PBXBuildFile; fileRef = F4034CAF29191B1400423FAF /* HomeViewController.swift */; };
		F4034CC729191B1400423FAF /* HomeView.swift in Sources */ = {isa = PBXBuildFile; fileRef = F4034CB029191B1400423FAF /* HomeView.swift */; };
		F4034CC829191B1400423FAF /* MainCell.swift in Sources */ = {isa = PBXBuildFile; fileRef = F4034CB129191B1400423FAF /* MainCell.swift */; };
		F4034CC929191B1400423FAF /* BaseViewCollectionViewCell.swift in Sources */ = {isa = PBXBuildFile; fileRef = F4034CB429191B1400423FAF /* BaseViewCollectionViewCell.swift */; };
		F4034CCA29191B1400423FAF /* BaseViewContoroller.swift in Sources */ = {isa = PBXBuildFile; fileRef = F4034CB529191B1400423FAF /* BaseViewContoroller.swift */; };
		F4034CCB29191B1400423FAF /* BaseView.swift in Sources */ = {isa = PBXBuildFile; fileRef = F4034CB629191B1400423FAF /* BaseView.swift */; };
		F4034CCC29191B1400423FAF /* UIViewController.swift in Sources */ = {isa = PBXBuildFile; fileRef = F4034CB929191B1400423FAF /* UIViewController.swift */; };
		F4034CCD29191B1400423FAF /* NSObject.swift in Sources */ = {isa = PBXBuildFile; fileRef = F4034CBB29191B1400423FAF /* NSObject.swift */; };
		F4034CCE29191B1400423FAF /* AppDelegate.swift in Sources */ = {isa = PBXBuildFile; fileRef = F4034CBF29191B1400423FAF /* AppDelegate.swift */; };
		F4034CCF29191B1400423FAF /* SceneDelegate.swift in Sources */ = {isa = PBXBuildFile; fileRef = F4034CC029191B1400423FAF /* SceneDelegate.swift */; };
		F4034CD029191B1400423FAF /* BaseCode.swift in Sources */ = {isa = PBXBuildFile; fileRef = F4034CC429191B1400423FAF /* BaseCode.swift */; };
		F41E0E322925A12E00B28291 /* ProfileDataSource.swift in Sources */ = {isa = PBXBuildFile; fileRef = F41E0E312925A12E00B28291 /* ProfileDataSource.swift */; };
		F41E0E342925A64D00B28291 /* MyInfoDataSource.swift in Sources */ = {isa = PBXBuildFile; fileRef = F41E0E332925A64D00B28291 /* MyInfoDataSource.swift */; };
		F41E0E362925A83000B28291 /* OnBoardingDataSource.swift in Sources */ = {isa = PBXBuildFile; fileRef = F41E0E352925A83000B28291 /* OnBoardingDataSource.swift */; };
		F41E0E382925AB0000B28291 /* GenderDataSource.swift in Sources */ = {isa = PBXBuildFile; fileRef = F41E0E372925AB0000B28291 /* GenderDataSource.swift */; };
		F41E0E422925D7DC00B28291 /* MyInfoViewModel.swift in Sources */ = {isa = PBXBuildFile; fileRef = F41E0E412925D7DC00B28291 /* MyInfoViewModel.swift */; };
		F42EE4FD292B4E50007336DB /* UIView.swift in Sources */ = {isa = PBXBuildFile; fileRef = F42EE4FC292B4E50007336DB /* UIView.swift */; };
		F42EE500292B61B7007336DB /* MemoleaseQueue.swift in Sources */ = {isa = PBXBuildFile; fileRef = F42EE4FF292B61B7007336DB /* MemoleaseQueue.swift */; };
		F4334030291E12FA00F46725 /* RxCocoa in Frameworks */ = {isa = PBXBuildFile; productRef = F433402F291E12FA00F46725 /* RxCocoa */; };
		F4334032291E12FA00F46725 /* RxSwift in Frameworks */ = {isa = PBXBuildFile; productRef = F4334031291E12FA00F46725 /* RxSwift */; };
		F4334034291E177400F46725 /* OnboardingViewModel.swift in Sources */ = {isa = PBXBuildFile; fileRef = F4334033291E177400F46725 /* OnboardingViewModel.swift */; };
		F45119972919230B0058571C /* SeSacColor.swift in Sources */ = {isa = PBXBuildFile; fileRef = F45119962919230B0058571C /* SeSacColor.swift */; };
		F451199A291926A00058571C /* SeSacButton.swift in Sources */ = {isa = PBXBuildFile; fileRef = F4511999291926A00058571C /* SeSacButton.swift */; };
		F451199D291928C10058571C /* SnapKit in Frameworks */ = {isa = PBXBuildFile; productRef = F451199C291928C10058571C /* SnapKit */; };
		F451199F29192DC80058571C /* SeSacFont.swift in Sources */ = {isa = PBXBuildFile; fileRef = F451199E29192DC80058571C /* SeSacFont.swift */; };
		F45119A229193AB20058571C /* AuthViewController.swift in Sources */ = {isa = PBXBuildFile; fileRef = F45119A129193AB20058571C /* AuthViewController.swift */; };
		F45119A429193AEB0058571C /* SMSViewController.swift in Sources */ = {isa = PBXBuildFile; fileRef = F45119A329193AEB0058571C /* SMSViewController.swift */; };
		F45119A629193B930058571C /* AuthView.swift in Sources */ = {isa = PBXBuildFile; fileRef = F45119A529193B930058571C /* AuthView.swift */; };
		F45119A829193B9F0058571C /* SMSView.swift in Sources */ = {isa = PBXBuildFile; fileRef = F45119A729193B9F0058571C /* SMSView.swift */; };
		F45119AA29193BBA0058571C /* AuthViewModel.swift in Sources */ = {isa = PBXBuildFile; fileRef = F45119A929193BBA0058571C /* AuthViewModel.swift */; };
		F45119AC29193BCD0058571C /* SMSViewModel.swift in Sources */ = {isa = PBXBuildFile; fileRef = F45119AB29193BCD0058571C /* SMSViewModel.swift */; };
		F45119BB291941550058571C /* NicknameView.swift in Sources */ = {isa = PBXBuildFile; fileRef = F45119BA291941550058571C /* NicknameView.swift */; };
		F45119BD2919415D0058571C /* BirthView.swift in Sources */ = {isa = PBXBuildFile; fileRef = F45119BC2919415D0058571C /* BirthView.swift */; };
		F45119BF291941620058571C /* EmailView.swift in Sources */ = {isa = PBXBuildFile; fileRef = F45119BE291941620058571C /* EmailView.swift */; };
		F45119C1291941680058571C /* GenderView.swift in Sources */ = {isa = PBXBuildFile; fileRef = F45119C0291941680058571C /* GenderView.swift */; };
		F45119C3291941A00058571C /* NicknameViewController.swift in Sources */ = {isa = PBXBuildFile; fileRef = F45119C2291941A00058571C /* NicknameViewController.swift */; };
		F45119C5291941AB0058571C /* BirthViewController.swift in Sources */ = {isa = PBXBuildFile; fileRef = F45119C4291941AB0058571C /* BirthViewController.swift */; };
		F45119C7291941B10058571C /* EmailViewController.swift in Sources */ = {isa = PBXBuildFile; fileRef = F45119C6291941B10058571C /* EmailViewController.swift */; };
		F45119C9291941B80058571C /* GenderViewController.swift in Sources */ = {isa = PBXBuildFile; fileRef = F45119C8291941B80058571C /* GenderViewController.swift */; };
		F45119CB291942720058571C /* SeSacTextField.swift in Sources */ = {isa = PBXBuildFile; fileRef = F45119CA291942720058571C /* SeSacTextField.swift */; };
		F454E4A2291A1CDB0064BCC4 /* NotoSansCJKkr-Medium.otf in Resources */ = {isa = PBXBuildFile; fileRef = F454E4A0291A1CDA0064BCC4 /* NotoSansCJKkr-Medium.otf */; };
		F454E4A3291A1CDB0064BCC4 /* NotoSansCJKkr-Regular.otf in Resources */ = {isa = PBXBuildFile; fileRef = F454E4A1291A1CDB0064BCC4 /* NotoSansCJKkr-Regular.otf */; };
		F454E4A7291A24610064BCC4 /* SeSacLabel.swift in Sources */ = {isa = PBXBuildFile; fileRef = F454E4A6291A24610064BCC4 /* SeSacLabel.swift */; };
		F454E4A9291A66070064BCC4 /* SesacDateLabel.swift in Sources */ = {isa = PBXBuildFile; fileRef = F454E4A8291A66070064BCC4 /* SesacDateLabel.swift */; };
		F456375D2921538700CDF1BA /* MemoleaseUser.swift in Sources */ = {isa = PBXBuildFile; fileRef = F456375C2921538700CDF1BA /* MemoleaseUser.swift */; };
		F4586462291F77AB00993A6D /* NickNameViewModel.swift in Sources */ = {isa = PBXBuildFile; fileRef = F4586461291F77AB00993A6D /* NickNameViewModel.swift */; };
		F4586464291F8A0900993A6D /* BirthViewModel.swift in Sources */ = {isa = PBXBuildFile; fileRef = F4586463291F8A0900993A6D /* BirthViewModel.swift */; };
		F4586466291F900E00993A6D /* EmailViewModel.swift in Sources */ = {isa = PBXBuildFile; fileRef = F4586465291F900E00993A6D /* EmailViewModel.swift */; };
		F4586468291FA90600993A6D /* Date.swift in Sources */ = {isa = PBXBuildFile; fileRef = F4586467291FA90600993A6D /* Date.swift */; };
		F4586473291FB32800993A6D /* GenderViewModel.swift in Sources */ = {isa = PBXBuildFile; fileRef = F4586472291FB32800993A6D /* GenderViewModel.swift */; };
		F4586475291FB33600993A6D /* GenderCell.swift in Sources */ = {isa = PBXBuildFile; fileRef = F4586474291FB33600993A6D /* GenderCell.swift */; };
		F4594E702920A5330071CFC2 /* FirebaseAuth in Frameworks */ = {isa = PBXBuildFile; productRef = F4594E6F2920A5330071CFC2 /* FirebaseAuth */; };
		F4594E722920A5330071CFC2 /* FirebaseMessaging in Frameworks */ = {isa = PBXBuildFile; productRef = F4594E712920A5330071CFC2 /* FirebaseMessaging */; };
		F4594E752920C29F0071CFC2 /* String.swift in Sources */ = {isa = PBXBuildFile; fileRef = F4594E742920C29F0071CFC2 /* String.swift */; };
		F463403C2918FE54008A50D6 /* Assets.xcassets in Resources */ = {isa = PBXBuildFile; fileRef = F463403B2918FE54008A50D6 /* Assets.xcassets */; };
		F463403F2918FE54008A50D6 /* LaunchScreen.storyboard in Resources */ = {isa = PBXBuildFile; fileRef = F463403D2918FE54008A50D6 /* LaunchScreen.storyboard */; };
		F463F17C2929340600CE644C /* SeSacButton+.swift in Sources */ = {isa = PBXBuildFile; fileRef = F463F17B2929340600CE644C /* SeSacButton+.swift */; };
		F464068229287898008E6F8F /* MultiSlider in Frameworks */ = {isa = PBXBuildFile; productRef = F464068129287898008E6F8F /* MultiSlider */; };
		F47AF0B82922019700AA0789 /* FakerViewController.swift in Sources */ = {isa = PBXBuildFile; fileRef = F47AF0B72922019700AA0789 /* FakerViewController.swift */; };
		F47AF0BA292201A800AA0789 /* FakerView.swift in Sources */ = {isa = PBXBuildFile; fileRef = F47AF0B9292201A800AA0789 /* FakerView.swift */; };
		F47AF0BE2922097800AA0789 /* GoogleService-Info.plist in Resources */ = {isa = PBXBuildFile; fileRef = F47AF0BD2922097800AA0789 /* GoogleService-Info.plist */; };
		F488D78729211AE6002E4B57 /* FirebaseError.swift in Sources */ = {isa = PBXBuildFile; fileRef = F488D78629211AE6002E4B57 /* FirebaseError.swift */; };
		F488D78929212290002E4B57 /* MemoleaseService.swift in Sources */ = {isa = PBXBuildFile; fileRef = F488D78829212290002E4B57 /* MemoleaseService.swift */; };
		F488D78C29212324002E4B57 /* MemoleaseRouter.swift in Sources */ = {isa = PBXBuildFile; fileRef = F488D78B29212324002E4B57 /* MemoleaseRouter.swift */; };
		F488D78E29212665002E4B57 /* HTTPMethod.swift in Sources */ = {isa = PBXBuildFile; fileRef = F488D78D29212665002E4B57 /* HTTPMethod.swift */; };
		F488D7902921308A002E4B57 /* MemoleaseError.swift in Sources */ = {isa = PBXBuildFile; fileRef = F488D78F2921308A002E4B57 /* MemoleaseError.swift */; };
		F48B3070292270A800DD5E12 /* ProfileViewController.swift in Sources */ = {isa = PBXBuildFile; fileRef = F48B306F292270A800DD5E12 /* ProfileViewController.swift */; };
		F48B3072292270B100DD5E12 /* ProfileView.swift in Sources */ = {isa = PBXBuildFile; fileRef = F48B3071292270B100DD5E12 /* ProfileView.swift */; };
		F48B3074292270B800DD5E12 /* ProfileMainCell.swift in Sources */ = {isa = PBXBuildFile; fileRef = F48B3073292270B800DD5E12 /* ProfileMainCell.swift */; };
		F48B30802922795A00DD5E12 /* ProfileHeaderView.swift in Sources */ = {isa = PBXBuildFile; fileRef = F48B307F2922795A00DD5E12 /* ProfileHeaderView.swift */; };
		F48B3082292279C900DD5E12 /* ProfileSubCell.swift in Sources */ = {isa = PBXBuildFile; fileRef = F48B3081292279C900DD5E12 /* ProfileSubCell.swift */; };
		F499C449291F546000C4B117 /* FirebaseService.swift in Sources */ = {isa = PBXBuildFile; fileRef = F499C448291F546000C4B117 /* FirebaseService.swift */; };
		F499C44C291F55C200C4B117 /* UserdefaultsManager.swift in Sources */ = {isa = PBXBuildFile; fileRef = F499C44B291F55C200C4B117 /* UserdefaultsManager.swift */; };
		F4A79EB0292D05310010E44F /* MemoleaseTargetType.swift in Sources */ = {isa = PBXBuildFile; fileRef = F4A79EAF292D05310010E44F /* MemoleaseTargetType.swift */; };
		F4A8A77C292487CB00B94EC7 /* Gender2View.swift in Sources */ = {isa = PBXBuildFile; fileRef = F4A8A77B292487CB00B94EC7 /* Gender2View.swift */; };
		F4A8A77E292487DE00B94EC7 /* StudyView.swift in Sources */ = {isa = PBXBuildFile; fileRef = F4A8A77D292487DE00B94EC7 /* StudyView.swift */; };
		F4A8A780292487E800B94EC7 /* SwitchView.swift in Sources */ = {isa = PBXBuildFile; fileRef = F4A8A77F292487E800B94EC7 /* SwitchView.swift */; };
		F4A8A782292487F200B94EC7 /* AgeView.swift in Sources */ = {isa = PBXBuildFile; fileRef = F4A8A781292487F200B94EC7 /* AgeView.swift */; };
		F4A8A7842924885100B94EC7 /* WithDrawView.swift in Sources */ = {isa = PBXBuildFile; fileRef = F4A8A7832924885100B94EC7 /* WithDrawView.swift */; };
		F4A8A78B2924B0F900B94EC7 /* CardStackView.swift in Sources */ = {isa = PBXBuildFile; fileRef = F4A8A78A2924B0F900B94EC7 /* CardStackView.swift */; };
		F4A94AA82924FD87007B96AE /* SesacTabBarController.swift in Sources */ = {isa = PBXBuildFile; fileRef = F4A94AA72924FD87007B96AE /* SesacTabBarController.swift */; };
		F4D29802292508D100A3AAB7 /* MyInfoViewController.swift in Sources */ = {isa = PBXBuildFile; fileRef = F4D29801292508D100A3AAB7 /* MyInfoViewController.swift */; };
		F4D29804292508D700A3AAB7 /* MyInfoView.swift in Sources */ = {isa = PBXBuildFile; fileRef = F4D29803292508D700A3AAB7 /* MyInfoView.swift */; };
		F4D29806292508E000A3AAB7 /* MyInfoCell.swift in Sources */ = {isa = PBXBuildFile; fileRef = F4D29805292508E000A3AAB7 /* MyInfoCell.swift */; };
		F4D29808292508F500A3AAB7 /* MyInfoHeaderView.swift in Sources */ = {isa = PBXBuildFile; fileRef = F4D29807292508F500A3AAB7 /* MyInfoHeaderView.swift */; };
		F4D3B38F2929B29E00FA6B04 /* CGFloat.swift in Sources */ = {isa = PBXBuildFile; fileRef = F4D3B38E2929B29E00FA6B04 /* CGFloat.swift */; };
		F4D3B3922929D21400FA6B04 /* SeSacAlertController.swift in Sources */ = {isa = PBXBuildFile; fileRef = F4D3B3912929D21400FA6B04 /* SeSacAlertController.swift */; };
		F4D3B396292A36F700FA6B04 /* DataSourceRegistration.swift in Sources */ = {isa = PBXBuildFile; fileRef = F4D3B395292A36F700FA6B04 /* DataSourceRegistration.swift */; };
		F4D8A6EB292A6CAA00C25A57 /* ResultType.swift in Sources */ = {isa = PBXBuildFile; fileRef = F4D8A6EA292A6CAA00C25A57 /* ResultType.swift */; };
		F4D8A6ED292A78F100C25A57 /* SearchViewController.swift in Sources */ = {isa = PBXBuildFile; fileRef = F4D8A6EC292A78F100C25A57 /* SearchViewController.swift */; };
		F4D8A6EF292A78F700C25A57 /* SearchView.swift in Sources */ = {isa = PBXBuildFile; fileRef = F4D8A6EE292A78F700C25A57 /* SearchView.swift */; };
		F4D8A6F1292A790900C25A57 /* SearchDataSource.swift in Sources */ = {isa = PBXBuildFile; fileRef = F4D8A6F0292A790900C25A57 /* SearchDataSource.swift */; };
		F4D8A6F3292A791600C25A57 /* SearchTopCell.swift in Sources */ = {isa = PBXBuildFile; fileRef = F4D8A6F2292A791600C25A57 /* SearchTopCell.swift */; };
		F4D8A6F6292A7C0100C25A57 /* SearchHeaderView.swift in Sources */ = {isa = PBXBuildFile; fileRef = F4D8A6F5292A7C0100C25A57 /* SearchHeaderView.swift */; };
		F4D8A6F8292A7CC500C25A57 /* SearchBottomCell.swift in Sources */ = {isa = PBXBuildFile; fileRef = F4D8A6F7292A7CC500C25A57 /* SearchBottomCell.swift */; };
		F4D8A6FA292A806B00C25A57 /* SearchViewModel.swift in Sources */ = {isa = PBXBuildFile; fileRef = F4D8A6F9292A806B00C25A57 /* SearchViewModel.swift */; };
		F4F103CA291CBD0E00C2020C /* OnBoardingViewController.swift in Sources */ = {isa = PBXBuildFile; fileRef = F4F103C9291CBD0E00C2020C /* OnBoardingViewController.swift */; };
		F4F103CC291CBD1700C2020C /* OnBoardingView.swift in Sources */ = {isa = PBXBuildFile; fileRef = F4F103CB291CBD1700C2020C /* OnBoardingView.swift */; };
		F4F103CE291CBF8A00C2020C /* SeSacImage.swift in Sources */ = {isa = PBXBuildFile; fileRef = F4F103CD291CBF8A00C2020C /* SeSacImage.swift */; };
		F4F103D0291CC1C300C2020C /* OnboardCell.swift in Sources */ = {isa = PBXBuildFile; fileRef = F4F103CF291CC1C300C2020C /* OnboardCell.swift */; };
		F4F103D2291CC66600C2020C /* OnBoardingFooterView.swift in Sources */ = {isa = PBXBuildFile; fileRef = F4F103D1291CC66600C2020C /* OnBoardingFooterView.swift */; };
/* End PBXBuildFile section */

/* Begin PBXFileReference section */
		F4034CAD29191B1400423FAF /* MainViewModel.swift */ = {isa = PBXFileReference; fileEncoding = 4; lastKnownFileType = sourcecode.swift; path = MainViewModel.swift; sourceTree = "<group>"; };
		F4034CAF29191B1400423FAF /* HomeViewController.swift */ = {isa = PBXFileReference; fileEncoding = 4; lastKnownFileType = sourcecode.swift; path = HomeViewController.swift; sourceTree = "<group>"; };
		F4034CB029191B1400423FAF /* HomeView.swift */ = {isa = PBXFileReference; fileEncoding = 4; lastKnownFileType = sourcecode.swift; path = HomeView.swift; sourceTree = "<group>"; };
		F4034CB129191B1400423FAF /* MainCell.swift */ = {isa = PBXFileReference; fileEncoding = 4; lastKnownFileType = sourcecode.swift; path = MainCell.swift; sourceTree = "<group>"; };
		F4034CB429191B1400423FAF /* BaseViewCollectionViewCell.swift */ = {isa = PBXFileReference; fileEncoding = 4; lastKnownFileType = sourcecode.swift; path = BaseViewCollectionViewCell.swift; sourceTree = "<group>"; };
		F4034CB529191B1400423FAF /* BaseViewContoroller.swift */ = {isa = PBXFileReference; fileEncoding = 4; lastKnownFileType = sourcecode.swift; path = BaseViewContoroller.swift; sourceTree = "<group>"; };
		F4034CB629191B1400423FAF /* BaseView.swift */ = {isa = PBXFileReference; fileEncoding = 4; lastKnownFileType = sourcecode.swift; path = BaseView.swift; sourceTree = "<group>"; };
		F4034CB929191B1400423FAF /* UIViewController.swift */ = {isa = PBXFileReference; fileEncoding = 4; lastKnownFileType = sourcecode.swift; path = UIViewController.swift; sourceTree = "<group>"; };
		F4034CBB29191B1400423FAF /* NSObject.swift */ = {isa = PBXFileReference; fileEncoding = 4; lastKnownFileType = sourcecode.swift; path = NSObject.swift; sourceTree = "<group>"; };
		F4034CBF29191B1400423FAF /* AppDelegate.swift */ = {isa = PBXFileReference; fileEncoding = 4; lastKnownFileType = sourcecode.swift; path = AppDelegate.swift; sourceTree = "<group>"; };
		F4034CC029191B1400423FAF /* SceneDelegate.swift */ = {isa = PBXFileReference; fileEncoding = 4; lastKnownFileType = sourcecode.swift; path = SceneDelegate.swift; sourceTree = "<group>"; };
		F4034CC429191B1400423FAF /* BaseCode.swift */ = {isa = PBXFileReference; fileEncoding = 4; lastKnownFileType = sourcecode.swift; path = BaseCode.swift; sourceTree = "<group>"; };
		F41E0E312925A12E00B28291 /* ProfileDataSource.swift */ = {isa = PBXFileReference; lastKnownFileType = sourcecode.swift; path = ProfileDataSource.swift; sourceTree = "<group>"; };
		F41E0E332925A64D00B28291 /* MyInfoDataSource.swift */ = {isa = PBXFileReference; lastKnownFileType = sourcecode.swift; path = MyInfoDataSource.swift; sourceTree = "<group>"; };
		F41E0E352925A83000B28291 /* OnBoardingDataSource.swift */ = {isa = PBXFileReference; lastKnownFileType = sourcecode.swift; path = OnBoardingDataSource.swift; sourceTree = "<group>"; };
		F41E0E372925AB0000B28291 /* GenderDataSource.swift */ = {isa = PBXFileReference; lastKnownFileType = sourcecode.swift; path = GenderDataSource.swift; sourceTree = "<group>"; };
		F41E0E412925D7DC00B28291 /* MyInfoViewModel.swift */ = {isa = PBXFileReference; lastKnownFileType = sourcecode.swift; path = MyInfoViewModel.swift; sourceTree = "<group>"; };
		F42EE4FC292B4E50007336DB /* UIView.swift */ = {isa = PBXFileReference; lastKnownFileType = sourcecode.swift; path = UIView.swift; sourceTree = "<group>"; };
		F42EE4FF292B61B7007336DB /* MemoleaseQueue.swift */ = {isa = PBXFileReference; lastKnownFileType = sourcecode.swift; path = MemoleaseQueue.swift; sourceTree = "<group>"; };
		F4334033291E177400F46725 /* OnboardingViewModel.swift */ = {isa = PBXFileReference; lastKnownFileType = sourcecode.swift; path = OnboardingViewModel.swift; sourceTree = "<group>"; };
		F45119962919230B0058571C /* SeSacColor.swift */ = {isa = PBXFileReference; lastKnownFileType = sourcecode.swift; path = SeSacColor.swift; sourceTree = "<group>"; };
		F4511999291926A00058571C /* SeSacButton.swift */ = {isa = PBXFileReference; lastKnownFileType = sourcecode.swift; path = SeSacButton.swift; sourceTree = "<group>"; };
		F451199E29192DC80058571C /* SeSacFont.swift */ = {isa = PBXFileReference; lastKnownFileType = sourcecode.swift; path = SeSacFont.swift; sourceTree = "<group>"; };
		F45119A129193AB20058571C /* AuthViewController.swift */ = {isa = PBXFileReference; lastKnownFileType = sourcecode.swift; path = AuthViewController.swift; sourceTree = "<group>"; };
		F45119A329193AEB0058571C /* SMSViewController.swift */ = {isa = PBXFileReference; lastKnownFileType = sourcecode.swift; path = SMSViewController.swift; sourceTree = "<group>"; };
		F45119A529193B930058571C /* AuthView.swift */ = {isa = PBXFileReference; lastKnownFileType = sourcecode.swift; path = AuthView.swift; sourceTree = "<group>"; };
		F45119A729193B9F0058571C /* SMSView.swift */ = {isa = PBXFileReference; lastKnownFileType = sourcecode.swift; path = SMSView.swift; sourceTree = "<group>"; };
		F45119A929193BBA0058571C /* AuthViewModel.swift */ = {isa = PBXFileReference; lastKnownFileType = sourcecode.swift; path = AuthViewModel.swift; sourceTree = "<group>"; };
		F45119AB29193BCD0058571C /* SMSViewModel.swift */ = {isa = PBXFileReference; lastKnownFileType = sourcecode.swift; path = SMSViewModel.swift; sourceTree = "<group>"; };
		F45119BA291941550058571C /* NicknameView.swift */ = {isa = PBXFileReference; lastKnownFileType = sourcecode.swift; path = NicknameView.swift; sourceTree = "<group>"; };
		F45119BC2919415D0058571C /* BirthView.swift */ = {isa = PBXFileReference; lastKnownFileType = sourcecode.swift; path = BirthView.swift; sourceTree = "<group>"; };
		F45119BE291941620058571C /* EmailView.swift */ = {isa = PBXFileReference; lastKnownFileType = sourcecode.swift; path = EmailView.swift; sourceTree = "<group>"; };
		F45119C0291941680058571C /* GenderView.swift */ = {isa = PBXFileReference; lastKnownFileType = sourcecode.swift; path = GenderView.swift; sourceTree = "<group>"; };
		F45119C2291941A00058571C /* NicknameViewController.swift */ = {isa = PBXFileReference; lastKnownFileType = sourcecode.swift; path = NicknameViewController.swift; sourceTree = "<group>"; };
		F45119C4291941AB0058571C /* BirthViewController.swift */ = {isa = PBXFileReference; lastKnownFileType = sourcecode.swift; path = BirthViewController.swift; sourceTree = "<group>"; };
		F45119C6291941B10058571C /* EmailViewController.swift */ = {isa = PBXFileReference; lastKnownFileType = sourcecode.swift; path = EmailViewController.swift; sourceTree = "<group>"; };
		F45119C8291941B80058571C /* GenderViewController.swift */ = {isa = PBXFileReference; lastKnownFileType = sourcecode.swift; path = GenderViewController.swift; sourceTree = "<group>"; };
		F45119CA291942720058571C /* SeSacTextField.swift */ = {isa = PBXFileReference; lastKnownFileType = sourcecode.swift; path = SeSacTextField.swift; sourceTree = "<group>"; };
		F454E4A0291A1CDA0064BCC4 /* NotoSansCJKkr-Medium.otf */ = {isa = PBXFileReference; lastKnownFileType = file; path = "NotoSansCJKkr-Medium.otf"; sourceTree = "<group>"; };
		F454E4A1291A1CDB0064BCC4 /* NotoSansCJKkr-Regular.otf */ = {isa = PBXFileReference; lastKnownFileType = file; path = "NotoSansCJKkr-Regular.otf"; sourceTree = "<group>"; };
		F454E4A6291A24610064BCC4 /* SeSacLabel.swift */ = {isa = PBXFileReference; lastKnownFileType = sourcecode.swift; path = SeSacLabel.swift; sourceTree = "<group>"; };
		F454E4A8291A66070064BCC4 /* SesacDateLabel.swift */ = {isa = PBXFileReference; lastKnownFileType = sourcecode.swift; path = SesacDateLabel.swift; sourceTree = "<group>"; };
		F456375C2921538700CDF1BA /* MemoleaseUser.swift */ = {isa = PBXFileReference; lastKnownFileType = sourcecode.swift; path = MemoleaseUser.swift; sourceTree = "<group>"; };
		F4586461291F77AB00993A6D /* NickNameViewModel.swift */ = {isa = PBXFileReference; lastKnownFileType = sourcecode.swift; path = NickNameViewModel.swift; sourceTree = "<group>"; };
		F4586463291F8A0900993A6D /* BirthViewModel.swift */ = {isa = PBXFileReference; lastKnownFileType = sourcecode.swift; path = BirthViewModel.swift; sourceTree = "<group>"; };
		F4586465291F900E00993A6D /* EmailViewModel.swift */ = {isa = PBXFileReference; lastKnownFileType = sourcecode.swift; path = EmailViewModel.swift; sourceTree = "<group>"; };
		F4586467291FA90600993A6D /* Date.swift */ = {isa = PBXFileReference; lastKnownFileType = sourcecode.swift; path = Date.swift; sourceTree = "<group>"; };
		F4586472291FB32800993A6D /* GenderViewModel.swift */ = {isa = PBXFileReference; lastKnownFileType = sourcecode.swift; path = GenderViewModel.swift; sourceTree = "<group>"; };
		F4586474291FB33600993A6D /* GenderCell.swift */ = {isa = PBXFileReference; lastKnownFileType = sourcecode.swift; path = GenderCell.swift; sourceTree = "<group>"; };
		F4594E732920A9810071CFC2 /* Study-Matching.entitlements */ = {isa = PBXFileReference; lastKnownFileType = text.plist.entitlements; path = "Study-Matching.entitlements"; sourceTree = "<group>"; };
		F4594E742920C29F0071CFC2 /* String.swift */ = {isa = PBXFileReference; lastKnownFileType = sourcecode.swift; path = String.swift; sourceTree = "<group>"; };
		F463402F2918FE53008A50D6 /* Study-Matching.app */ = {isa = PBXFileReference; explicitFileType = wrapper.application; includeInIndex = 0; path = "Study-Matching.app"; sourceTree = BUILT_PRODUCTS_DIR; };
		F463403B2918FE54008A50D6 /* Assets.xcassets */ = {isa = PBXFileReference; lastKnownFileType = folder.assetcatalog; path = Assets.xcassets; sourceTree = "<group>"; };
		F463403E2918FE54008A50D6 /* Base */ = {isa = PBXFileReference; lastKnownFileType = file.storyboard; name = Base; path = Base.lproj/LaunchScreen.storyboard; sourceTree = "<group>"; };
		F46340402918FE54008A50D6 /* Info.plist */ = {isa = PBXFileReference; lastKnownFileType = text.plist.xml; path = Info.plist; sourceTree = "<group>"; };
		F463F17B2929340600CE644C /* SeSacButton+.swift */ = {isa = PBXFileReference; lastKnownFileType = sourcecode.swift; path = "SeSacButton+.swift"; sourceTree = "<group>"; };
		F47AF0B72922019700AA0789 /* FakerViewController.swift */ = {isa = PBXFileReference; lastKnownFileType = sourcecode.swift; path = FakerViewController.swift; sourceTree = "<group>"; };
		F47AF0B9292201A800AA0789 /* FakerView.swift */ = {isa = PBXFileReference; lastKnownFileType = sourcecode.swift; path = FakerView.swift; sourceTree = "<group>"; };
		F47AF0BD2922097800AA0789 /* GoogleService-Info.plist */ = {isa = PBXFileReference; fileEncoding = 4; lastKnownFileType = text.plist.xml; path = "GoogleService-Info.plist"; sourceTree = "<group>"; };
		F488D78629211AE6002E4B57 /* FirebaseError.swift */ = {isa = PBXFileReference; lastKnownFileType = sourcecode.swift; path = FirebaseError.swift; sourceTree = "<group>"; };
		F488D78829212290002E4B57 /* MemoleaseService.swift */ = {isa = PBXFileReference; lastKnownFileType = sourcecode.swift; path = MemoleaseService.swift; sourceTree = "<group>"; };
		F488D78B29212324002E4B57 /* MemoleaseRouter.swift */ = {isa = PBXFileReference; lastKnownFileType = sourcecode.swift; path = MemoleaseRouter.swift; sourceTree = "<group>"; };
		F488D78D29212665002E4B57 /* HTTPMethod.swift */ = {isa = PBXFileReference; lastKnownFileType = sourcecode.swift; path = HTTPMethod.swift; sourceTree = "<group>"; };
		F488D78F2921308A002E4B57 /* MemoleaseError.swift */ = {isa = PBXFileReference; lastKnownFileType = sourcecode.swift; path = MemoleaseError.swift; sourceTree = "<group>"; };
		F48B306F292270A800DD5E12 /* ProfileViewController.swift */ = {isa = PBXFileReference; lastKnownFileType = sourcecode.swift; path = ProfileViewController.swift; sourceTree = "<group>"; };
		F48B3071292270B100DD5E12 /* ProfileView.swift */ = {isa = PBXFileReference; lastKnownFileType = sourcecode.swift; path = ProfileView.swift; sourceTree = "<group>"; };
		F48B3073292270B800DD5E12 /* ProfileMainCell.swift */ = {isa = PBXFileReference; lastKnownFileType = sourcecode.swift; path = ProfileMainCell.swift; sourceTree = "<group>"; };
		F48B307F2922795A00DD5E12 /* ProfileHeaderView.swift */ = {isa = PBXFileReference; lastKnownFileType = sourcecode.swift; path = ProfileHeaderView.swift; sourceTree = "<group>"; };
		F48B3081292279C900DD5E12 /* ProfileSubCell.swift */ = {isa = PBXFileReference; lastKnownFileType = sourcecode.swift; path = ProfileSubCell.swift; sourceTree = "<group>"; };
		F499C448291F546000C4B117 /* FirebaseService.swift */ = {isa = PBXFileReference; lastKnownFileType = sourcecode.swift; path = FirebaseService.swift; sourceTree = "<group>"; };
		F499C44B291F55C200C4B117 /* UserdefaultsManager.swift */ = {isa = PBXFileReference; lastKnownFileType = sourcecode.swift; path = UserdefaultsManager.swift; sourceTree = "<group>"; };
		F4A79EAF292D05310010E44F /* MemoleaseTargetType.swift */ = {isa = PBXFileReference; lastKnownFileType = sourcecode.swift; path = MemoleaseTargetType.swift; sourceTree = "<group>"; };
		F4A8A77B292487CB00B94EC7 /* Gender2View.swift */ = {isa = PBXFileReference; lastKnownFileType = sourcecode.swift; path = Gender2View.swift; sourceTree = "<group>"; };
		F4A8A77D292487DE00B94EC7 /* StudyView.swift */ = {isa = PBXFileReference; lastKnownFileType = sourcecode.swift; path = StudyView.swift; sourceTree = "<group>"; };
		F4A8A77F292487E800B94EC7 /* SwitchView.swift */ = {isa = PBXFileReference; lastKnownFileType = sourcecode.swift; path = SwitchView.swift; sourceTree = "<group>"; };
		F4A8A781292487F200B94EC7 /* AgeView.swift */ = {isa = PBXFileReference; lastKnownFileType = sourcecode.swift; path = AgeView.swift; sourceTree = "<group>"; };
		F4A8A7832924885100B94EC7 /* WithDrawView.swift */ = {isa = PBXFileReference; lastKnownFileType = sourcecode.swift; path = WithDrawView.swift; sourceTree = "<group>"; };
		F4A8A78A2924B0F900B94EC7 /* CardStackView.swift */ = {isa = PBXFileReference; lastKnownFileType = sourcecode.swift; path = CardStackView.swift; sourceTree = "<group>"; };
		F4A94AA72924FD87007B96AE /* SesacTabBarController.swift */ = {isa = PBXFileReference; lastKnownFileType = sourcecode.swift; path = SesacTabBarController.swift; sourceTree = "<group>"; };
		F4D29801292508D100A3AAB7 /* MyInfoViewController.swift */ = {isa = PBXFileReference; lastKnownFileType = sourcecode.swift; path = MyInfoViewController.swift; sourceTree = "<group>"; };
		F4D29803292508D700A3AAB7 /* MyInfoView.swift */ = {isa = PBXFileReference; lastKnownFileType = sourcecode.swift; path = MyInfoView.swift; sourceTree = "<group>"; };
		F4D29805292508E000A3AAB7 /* MyInfoCell.swift */ = {isa = PBXFileReference; lastKnownFileType = sourcecode.swift; path = MyInfoCell.swift; sourceTree = "<group>"; };
		F4D29807292508F500A3AAB7 /* MyInfoHeaderView.swift */ = {isa = PBXFileReference; lastKnownFileType = sourcecode.swift; path = MyInfoHeaderView.swift; sourceTree = "<group>"; };
		F4D3B38E2929B29E00FA6B04 /* CGFloat.swift */ = {isa = PBXFileReference; lastKnownFileType = sourcecode.swift; path = CGFloat.swift; sourceTree = "<group>"; };
		F4D3B3912929D21400FA6B04 /* SeSacAlertController.swift */ = {isa = PBXFileReference; lastKnownFileType = sourcecode.swift; path = SeSacAlertController.swift; sourceTree = "<group>"; };
		F4D3B395292A36F700FA6B04 /* DataSourceRegistration.swift */ = {isa = PBXFileReference; lastKnownFileType = sourcecode.swift; path = DataSourceRegistration.swift; sourceTree = "<group>"; };
		F4D8A6EA292A6CAA00C25A57 /* ResultType.swift */ = {isa = PBXFileReference; lastKnownFileType = sourcecode.swift; path = ResultType.swift; sourceTree = "<group>"; };
		F4D8A6EC292A78F100C25A57 /* SearchViewController.swift */ = {isa = PBXFileReference; lastKnownFileType = sourcecode.swift; path = SearchViewController.swift; sourceTree = "<group>"; };
		F4D8A6EE292A78F700C25A57 /* SearchView.swift */ = {isa = PBXFileReference; lastKnownFileType = sourcecode.swift; path = SearchView.swift; sourceTree = "<group>"; };
		F4D8A6F0292A790900C25A57 /* SearchDataSource.swift */ = {isa = PBXFileReference; lastKnownFileType = sourcecode.swift; path = SearchDataSource.swift; sourceTree = "<group>"; };
		F4D8A6F2292A791600C25A57 /* SearchTopCell.swift */ = {isa = PBXFileReference; lastKnownFileType = sourcecode.swift; path = SearchTopCell.swift; sourceTree = "<group>"; };
		F4D8A6F5292A7C0100C25A57 /* SearchHeaderView.swift */ = {isa = PBXFileReference; lastKnownFileType = sourcecode.swift; path = SearchHeaderView.swift; sourceTree = "<group>"; };
		F4D8A6F7292A7CC500C25A57 /* SearchBottomCell.swift */ = {isa = PBXFileReference; lastKnownFileType = sourcecode.swift; path = SearchBottomCell.swift; sourceTree = "<group>"; };
		F4D8A6F9292A806B00C25A57 /* SearchViewModel.swift */ = {isa = PBXFileReference; lastKnownFileType = sourcecode.swift; path = SearchViewModel.swift; sourceTree = "<group>"; };
		F4F103C9291CBD0E00C2020C /* OnBoardingViewController.swift */ = {isa = PBXFileReference; lastKnownFileType = sourcecode.swift; path = OnBoardingViewController.swift; sourceTree = "<group>"; };
		F4F103CB291CBD1700C2020C /* OnBoardingView.swift */ = {isa = PBXFileReference; lastKnownFileType = sourcecode.swift; path = OnBoardingView.swift; sourceTree = "<group>"; };
		F4F103CD291CBF8A00C2020C /* SeSacImage.swift */ = {isa = PBXFileReference; lastKnownFileType = sourcecode.swift; path = SeSacImage.swift; sourceTree = "<group>"; };
		F4F103CF291CC1C300C2020C /* OnboardCell.swift */ = {isa = PBXFileReference; lastKnownFileType = sourcecode.swift; path = OnboardCell.swift; sourceTree = "<group>"; };
		F4F103D1291CC66600C2020C /* OnBoardingFooterView.swift */ = {isa = PBXFileReference; lastKnownFileType = sourcecode.swift; path = OnBoardingFooterView.swift; sourceTree = "<group>"; };
/* End PBXFileReference section */

/* Begin PBXFrameworksBuildPhase section */
		F463402C2918FE53008A50D6 /* Frameworks */ = {
			isa = PBXFrameworksBuildPhase;
			buildActionMask = 2147483647;
			files = (
				F4334032291E12FA00F46725 /* RxSwift in Frameworks */,
				F464068229287898008E6F8F /* MultiSlider in Frameworks */,
				F4334030291E12FA00F46725 /* RxCocoa in Frameworks */,
				F4594E722920A5330071CFC2 /* FirebaseMessaging in Frameworks */,
				F451199D291928C10058571C /* SnapKit in Frameworks */,
				F4594E702920A5330071CFC2 /* FirebaseAuth in Frameworks */,
			);
			runOnlyForDeploymentPostprocessing = 0;
		};
/* End PBXFrameworksBuildPhase section */

/* Begin PBXGroup section */
		F4034CA829191B1400423FAF /* Sources */ = {
			isa = PBXGroup;
			children = (
				F4034CBE29191B1400423FAF /* Application */,
				F4034CA929191B1400423FAF /* DataBase */,
				F4034CBD29191B1400423FAF /* Networking */,
				F4034CAA29191B1400423FAF /* Scenes */,
				F4034CB229191B1400423FAF /* Commons */,
			);
			path = Sources;
			sourceTree = "<group>";
		};
		F4034CA929191B1400423FAF /* DataBase */ = {
			isa = PBXGroup;
			children = (
			);
			path = DataBase;
			sourceTree = "<group>";
		};
		F4034CAA29191B1400423FAF /* Scenes */ = {
			isa = PBXGroup;
			children = (
				F42EE503292B6430007336DB /* Main */,
				F45119B829193F280058571C /* Onboarding */,
				F47AF0B62922018200AA0789 /* Faker */,
				F45119B9291940B60058571C /* Authorization */,
				F48B306E2922708000DD5E12 /* MyInfo */,
			);
			path = Scenes;
			sourceTree = "<group>";
		};
		F4034CAB29191B1400423FAF /* Home */ = {
			isa = PBXGroup;
			children = (
				F4034CAF29191B1400423FAF /* HomeViewController.swift */,
				F4034CB029191B1400423FAF /* HomeView.swift */,
				F4034CB129191B1400423FAF /* MainCell.swift */,
			);
			path = Home;
			sourceTree = "<group>";
		};
		F4034CB229191B1400423FAF /* Commons */ = {
			isa = PBXGroup;
			children = (
				F4D3B3942929EB2000FA6B04 /* Protocol */,
				F46B4A2E291E9055003910E2 /* Manager */,
				F4511995291922AE0058571C /* Constants */,
				F4034CB329191B1400423FAF /* Bases */,
				F4034CB729191B1400423FAF /* Extensions */,
				F4034CBC29191B1400423FAF /* Components */,
			);
			path = Commons;
			sourceTree = "<group>";
		};
		F4034CB329191B1400423FAF /* Bases */ = {
			isa = PBXGroup;
			children = (
				F4034CB629191B1400423FAF /* BaseView.swift */,
				F4034CB529191B1400423FAF /* BaseViewContoroller.swift */,
				F4034CB429191B1400423FAF /* BaseViewCollectionViewCell.swift */,
			);
			path = Bases;
			sourceTree = "<group>";
		};
		F4034CB729191B1400423FAF /* Extensions */ = {
			isa = PBXGroup;
			children = (
				F4034CBA29191B1400423FAF /* Foundation */,
				F4034CB829191B1400423FAF /* UIKit */,
			);
			path = Extensions;
			sourceTree = "<group>";
		};
		F4034CB829191B1400423FAF /* UIKit */ = {
			isa = PBXGroup;
			children = (
				F42EE4FC292B4E50007336DB /* UIView.swift */,
				F4034CB929191B1400423FAF /* UIViewController.swift */,
				F463F17B2929340600CE644C /* SeSacButton+.swift */,
			);
			path = UIKit;
			sourceTree = "<group>";
		};
		F4034CBA29191B1400423FAF /* Foundation */ = {
			isa = PBXGroup;
			children = (
				F4034CBB29191B1400423FAF /* NSObject.swift */,
				F4586467291FA90600993A6D /* Date.swift */,
				F4594E742920C29F0071CFC2 /* String.swift */,
				F4D3B38E2929B29E00FA6B04 /* CGFloat.swift */,
			);
			path = Foundation;
			sourceTree = "<group>";
		};
		F4034CBC29191B1400423FAF /* Components */ = {
			isa = PBXGroup;
			children = (
				F454E4A6291A24610064BCC4 /* SeSacLabel.swift */,
				F4511999291926A00058571C /* SeSacButton.swift */,
				F45119CA291942720058571C /* SeSacTextField.swift */,
				F454E4A8291A66070064BCC4 /* SesacDateLabel.swift */,
				F4A94AA72924FD87007B96AE /* SesacTabBarController.swift */,
				F4D3B3912929D21400FA6B04 /* SeSacAlertController.swift */,
			);
			path = Components;
			sourceTree = "<group>";
		};
		F4034CBD29191B1400423FAF /* Networking */ = {
			isa = PBXGroup;
			children = (
				F47D76422920959900F747DA /* Memolease */,
				F47D76402920958800F747DA /* Firebase */,
			);
			path = Networking;
			sourceTree = "<group>";
		};
		F4034CBE29191B1400423FAF /* Application */ = {
			isa = PBXGroup;
			children = (
				F4034CBF29191B1400423FAF /* AppDelegate.swift */,
				F4034CC029191B1400423FAF /* SceneDelegate.swift */,
			);
			path = Application;
			sourceTree = "<group>";
		};
		F4034CC129191B1400423FAF /* Supportings */ = {
			isa = PBXGroup;
			children = (
				F46340402918FE54008A50D6 /* Info.plist */,
			);
			path = Supportings;
			sourceTree = "<group>";
		};
		F4034CC229191B1400423FAF /* Resources */ = {
			isa = PBXGroup;
			children = (
				F454E49F291A1C6C0064BCC4 /* Font */,
				F463403D2918FE54008A50D6 /* LaunchScreen.storyboard */,
				F463403B2918FE54008A50D6 /* Assets.xcassets */,
				F4034CC329191B1400423FAF /* BaseCode */,
			);
			path = Resources;
			sourceTree = "<group>";
		};
		F4034CC329191B1400423FAF /* BaseCode */ = {
			isa = PBXGroup;
			children = (
				F4034CC429191B1400423FAF /* BaseCode.swift */,
			);
			path = BaseCode;
			sourceTree = "<group>";
		};
		F41E0E3D2925D39D00B28291 /* Components */ = {
			isa = PBXGroup;
			children = (
				F41E0E3E2925D3A700B28291 /* ProfileMainCell */,
				F41E0E3F2925D3AC00B28291 /* ProfileSubCell */,
			);
			path = Components;
			sourceTree = "<group>";
		};
		F41E0E3E2925D3A700B28291 /* ProfileMainCell */ = {
			isa = PBXGroup;
			children = (
				F4A8A78A2924B0F900B94EC7 /* CardStackView.swift */,
			);
			path = ProfileMainCell;
			sourceTree = "<group>";
		};
		F41E0E3F2925D3AC00B28291 /* ProfileSubCell */ = {
			isa = PBXGroup;
			children = (
				F4A8A77B292487CB00B94EC7 /* Gender2View.swift */,
				F4A8A77D292487DE00B94EC7 /* StudyView.swift */,
				F4A8A77F292487E800B94EC7 /* SwitchView.swift */,
				F4A8A781292487F200B94EC7 /* AgeView.swift */,
				F4A8A7832924885100B94EC7 /* WithDrawView.swift */,
			);
			path = ProfileSubCell;
			sourceTree = "<group>";
		};
		F42EE501292B628C007336DB /* Model */ = {
			isa = PBXGroup;
			children = (
				F456375C2921538700CDF1BA /* MemoleaseUser.swift */,
				F42EE4FF292B61B7007336DB /* MemoleaseQueue.swift */,
			);
			path = Model;
			sourceTree = "<group>";
		};
		F42EE502292B6410007336DB /* Search */ = {
			isa = PBXGroup;
			children = (
				F4D8A6EC292A78F100C25A57 /* SearchViewController.swift */,
				F4D8A6EE292A78F700C25A57 /* SearchView.swift */,
				F4D8A6F0292A790900C25A57 /* SearchDataSource.swift */,
				F4D8A6F9292A806B00C25A57 /* SearchViewModel.swift */,
				F4D8A6F2292A791600C25A57 /* SearchTopCell.swift */,
				F4D8A6F7292A7CC500C25A57 /* SearchBottomCell.swift */,
				F4D8A6F5292A7C0100C25A57 /* SearchHeaderView.swift */,
			);
			path = Search;
			sourceTree = "<group>";
		};
		F42EE503292B6430007336DB /* Main */ = {
			isa = PBXGroup;
			children = (
				F4034CAD29191B1400423FAF /* MainViewModel.swift */,
				F42EE502292B6410007336DB /* Search */,
				F4034CAB29191B1400423FAF /* Home */,
			);
			path = Main;
			sourceTree = "<group>";
		};
		F4511995291922AE0058571C /* Constants */ = {
			isa = PBXGroup;
			children = (
				F45119962919230B0058571C /* SeSacColor.swift */,
				F451199E29192DC80058571C /* SeSacFont.swift */,
				F4F103CD291CBF8A00C2020C /* SeSacImage.swift */,
			);
			path = Constants;
			sourceTree = "<group>";
		};
		F45119A029193A020058571C /* Auth */ = {
			isa = PBXGroup;
			children = (
				F45119AD29193BD40058571C /* View */,
				F45119AF29193BDD0058571C /* ViewModel */,
			);
			path = Auth;
			sourceTree = "<group>";
		};
		F45119AD29193BD40058571C /* View */ = {
			isa = PBXGroup;
			children = (
				F45119A129193AB20058571C /* AuthViewController.swift */,
				F45119A529193B930058571C /* AuthView.swift */,
			);
			path = View;
			sourceTree = "<group>";
		};
		F45119AF29193BDD0058571C /* ViewModel */ = {
			isa = PBXGroup;
			children = (
				F45119A929193BBA0058571C /* AuthViewModel.swift */,
			);
			path = ViewModel;
			sourceTree = "<group>";
		};
		F45119B029193C170058571C /* SMS */ = {
			isa = PBXGroup;
			children = (
				F45119B129193C250058571C /* View */,
				F45119B229193C290058571C /* ViewModel */,
			);
			path = SMS;
			sourceTree = "<group>";
		};
		F45119B129193C250058571C /* View */ = {
			isa = PBXGroup;
			children = (
				F45119A329193AEB0058571C /* SMSViewController.swift */,
				F45119A729193B9F0058571C /* SMSView.swift */,
			);
			path = View;
			sourceTree = "<group>";
		};
		F45119B229193C290058571C /* ViewModel */ = {
			isa = PBXGroup;
			children = (
				F45119AB29193BCD0058571C /* SMSViewModel.swift */,
			);
			path = ViewModel;
			sourceTree = "<group>";
		};
		F45119B329193C8C0058571C /* Signup */ = {
			isa = PBXGroup;
			children = (
				F45119B429193E550058571C /* Nickname */,
				F45119B529193E660058571C /* Birth */,
				F45119B629193E6E0058571C /* Email */,
				F45119B729193E730058571C /* Gender */,
			);
			path = Signup;
			sourceTree = "<group>";
		};
		F45119B429193E550058571C /* Nickname */ = {
			isa = PBXGroup;
			children = (
				F458646A291FB2E100993A6D /* View */,
				F458646B291FB2E500993A6D /* ViewModel */,
			);
			path = Nickname;
			sourceTree = "<group>";
		};
		F45119B529193E660058571C /* Birth */ = {
			isa = PBXGroup;
			children = (
				F458646C291FB2F700993A6D /* View */,
				F458646D291FB2FA00993A6D /* ViewModel */,
			);
			path = Birth;
			sourceTree = "<group>";
		};
		F45119B629193E6E0058571C /* Email */ = {
			isa = PBXGroup;
			children = (
				F458646E291FB30500993A6D /* View */,
				F458646F291FB30700993A6D /* ViewModel */,
			);
			path = Email;
			sourceTree = "<group>";
		};
		F45119B729193E730058571C /* Gender */ = {
			isa = PBXGroup;
			children = (
				F45119C8291941B80058571C /* GenderViewController.swift */,
				F45119C0291941680058571C /* GenderView.swift */,
				F4586472291FB32800993A6D /* GenderViewModel.swift */,
				F4586474291FB33600993A6D /* GenderCell.swift */,
				F41E0E372925AB0000B28291 /* GenderDataSource.swift */,
			);
			path = Gender;
			sourceTree = "<group>";
		};
		F45119B829193F280058571C /* Onboarding */ = {
			isa = PBXGroup;
			children = (
				F4F103C9291CBD0E00C2020C /* OnBoardingViewController.swift */,
				F4F103CB291CBD1700C2020C /* OnBoardingView.swift */,
				F4334033291E177400F46725 /* OnboardingViewModel.swift */,
				F4F103CF291CC1C300C2020C /* OnboardCell.swift */,
				F4F103D1291CC66600C2020C /* OnBoardingFooterView.swift */,
				F41E0E352925A83000B28291 /* OnBoardingDataSource.swift */,
			);
			path = Onboarding;
			sourceTree = "<group>";
		};
		F45119B9291940B60058571C /* Authorization */ = {
			isa = PBXGroup;
			children = (
				F45119A029193A020058571C /* Auth */,
				F45119B029193C170058571C /* SMS */,
				F45119B329193C8C0058571C /* Signup */,
			);
			path = Authorization;
			sourceTree = "<group>";
		};
		F454E49F291A1C6C0064BCC4 /* Font */ = {
			isa = PBXGroup;
			children = (
				F454E4A1291A1CDB0064BCC4 /* NotoSansCJKkr-Regular.otf */,
				F454E4A0291A1CDA0064BCC4 /* NotoSansCJKkr-Medium.otf */,
			);
			path = Font;
			sourceTree = "<group>";
		};
		F458646A291FB2E100993A6D /* View */ = {
			isa = PBXGroup;
			children = (
				F45119C2291941A00058571C /* NicknameViewController.swift */,
				F45119BA291941550058571C /* NicknameView.swift */,
			);
			path = View;
			sourceTree = "<group>";
		};
		F458646B291FB2E500993A6D /* ViewModel */ = {
			isa = PBXGroup;
			children = (
				F4586461291F77AB00993A6D /* NickNameViewModel.swift */,
			);
			path = ViewModel;
			sourceTree = "<group>";
		};
		F458646C291FB2F700993A6D /* View */ = {
			isa = PBXGroup;
			children = (
				F45119C4291941AB0058571C /* BirthViewController.swift */,
				F45119BC2919415D0058571C /* BirthView.swift */,
			);
			path = View;
			sourceTree = "<group>";
		};
		F458646D291FB2FA00993A6D /* ViewModel */ = {
			isa = PBXGroup;
			children = (
				F4586463291F8A0900993A6D /* BirthViewModel.swift */,
			);
			path = ViewModel;
			sourceTree = "<group>";
		};
		F458646E291FB30500993A6D /* View */ = {
			isa = PBXGroup;
			children = (
				F45119C6291941B10058571C /* EmailViewController.swift */,
				F45119BE291941620058571C /* EmailView.swift */,
			);
			path = View;
			sourceTree = "<group>";
		};
		F458646F291FB30700993A6D /* ViewModel */ = {
			isa = PBXGroup;
			children = (
				F4586465291F900E00993A6D /* EmailViewModel.swift */,
			);
			path = ViewModel;
			sourceTree = "<group>";
		};
		F46340262918FE53008A50D6 = {
			isa = PBXGroup;
			children = (
				F46340312918FE53008A50D6 /* Study-Matching */,
				F46340302918FE53008A50D6 /* Products */,
			);
			sourceTree = "<group>";
		};
		F46340302918FE53008A50D6 /* Products */ = {
			isa = PBXGroup;
			children = (
				F463402F2918FE53008A50D6 /* Study-Matching.app */,
			);
			name = Products;
			sourceTree = "<group>";
		};
		F46340312918FE53008A50D6 /* Study-Matching */ = {
			isa = PBXGroup;
			children = (
				F47AF0BD2922097800AA0789 /* GoogleService-Info.plist */,
				F4594E732920A9810071CFC2 /* Study-Matching.entitlements */,
				F4034CA829191B1400423FAF /* Sources */,
				F4034CC229191B1400423FAF /* Resources */,
				F4034CC129191B1400423FAF /* Supportings */,
			);
			path = "Study-Matching";
			sourceTree = "<group>";
		};
		F46B4A2E291E9055003910E2 /* Manager */ = {
			isa = PBXGroup;
			children = (
				F499C44A291F55B000C4B117 /* UserdefaultsManager */,
			);
			path = Manager;
			sourceTree = "<group>";
		};
		F47AF0B62922018200AA0789 /* Faker */ = {
			isa = PBXGroup;
			children = (
				F47AF0B72922019700AA0789 /* FakerViewController.swift */,
				F47AF0B9292201A800AA0789 /* FakerView.swift */,
			);
			path = Faker;
			sourceTree = "<group>";
		};
		F47D76402920958800F747DA /* Firebase */ = {
			isa = PBXGroup;
			children = (
				F499C448291F546000C4B117 /* FirebaseService.swift */,
				F488D78629211AE6002E4B57 /* FirebaseError.swift */,
			);
			path = Firebase;
			sourceTree = "<group>";
		};
		F47D76422920959900F747DA /* Memolease */ = {
			isa = PBXGroup;
			children = (
				F42EE501292B628C007336DB /* Model */,
				F488D78D29212665002E4B57 /* HTTPMethod.swift */,
				F488D78F2921308A002E4B57 /* MemoleaseError.swift */,
				F488D78B29212324002E4B57 /* MemoleaseRouter.swift */,
				F4A79EAF292D05310010E44F /* MemoleaseTargetType.swift */,
				F488D78829212290002E4B57 /* MemoleaseService.swift */,
			);
			path = Memolease;
			sourceTree = "<group>";
		};
		F48B306E2922708000DD5E12 /* MyInfo */ = {
			isa = PBXGroup;
			children = (
				F41E0E412925D7DC00B28291 /* MyInfoViewModel.swift */,
				F4D297FD2925073100A3AAB7 /* MyInfo */,
				F4D297FC2925072E00A3AAB7 /* Profile */,
			);
			path = MyInfo;
			sourceTree = "<group>";
		};
		F499C44A291F55B000C4B117 /* UserdefaultsManager */ = {
			isa = PBXGroup;
			children = (
				F499C44B291F55C200C4B117 /* UserdefaultsManager.swift */,
			);
			path = UserdefaultsManager;
			sourceTree = "<group>";
		};
		F4D297FC2925072E00A3AAB7 /* Profile */ = {
			isa = PBXGroup;
			children = (
				F48B306F292270A800DD5E12 /* ProfileViewController.swift */,
				F48B3071292270B100DD5E12 /* ProfileView.swift */,
				F48B307F2922795A00DD5E12 /* ProfileHeaderView.swift */,
				F41E0E312925A12E00B28291 /* ProfileDataSource.swift */,
				F48B3073292270B800DD5E12 /* ProfileMainCell.swift */,
				F48B3081292279C900DD5E12 /* ProfileSubCell.swift */,
				F41E0E3D2925D39D00B28291 /* Components */,
			);
			path = Profile;
			sourceTree = "<group>";
		};
		F4D297FD2925073100A3AAB7 /* MyInfo */ = {
			isa = PBXGroup;
			children = (
				F4D29801292508D100A3AAB7 /* MyInfoViewController.swift */,
				F4D29803292508D700A3AAB7 /* MyInfoView.swift */,
				F4D29805292508E000A3AAB7 /* MyInfoCell.swift */,
				F4D29807292508F500A3AAB7 /* MyInfoHeaderView.swift */,
				F41E0E332925A64D00B28291 /* MyInfoDataSource.swift */,
			);
			path = MyInfo;
			sourceTree = "<group>";
		};
		F4D3B3942929EB2000FA6B04 /* Protocol */ = {
			isa = PBXGroup;
			children = (
				F4D3B395292A36F700FA6B04 /* DataSourceRegistration.swift */,
				F4D8A6EA292A6CAA00C25A57 /* ResultType.swift */,
			);
			path = Protocol;
			sourceTree = "<group>";
		};
/* End PBXGroup section */

/* Begin PBXNativeTarget section */
		F463402E2918FE53008A50D6 /* Study-Matching */ = {
			isa = PBXNativeTarget;
			buildConfigurationList = F46340432918FE54008A50D6 /* Build configuration list for PBXNativeTarget "Study-Matching" */;
			buildPhases = (
				F463402B2918FE53008A50D6 /* Sources */,
				F463402C2918FE53008A50D6 /* Frameworks */,
				F463402D2918FE53008A50D6 /* Resources */,
			);
			buildRules = (
			);
			dependencies = (
			);
			name = "Study-Matching";
			packageProductDependencies = (
				F451199C291928C10058571C /* SnapKit */,
				F433402F291E12FA00F46725 /* RxCocoa */,
				F4334031291E12FA00F46725 /* RxSwift */,
				F4594E6F2920A5330071CFC2 /* FirebaseAuth */,
				F4594E712920A5330071CFC2 /* FirebaseMessaging */,
				F464068129287898008E6F8F /* MultiSlider */,
			);
			productName = "Study-Matching";
			productReference = F463402F2918FE53008A50D6 /* Study-Matching.app */;
			productType = "com.apple.product-type.application";
		};
/* End PBXNativeTarget section */

/* Begin PBXProject section */
		F46340272918FE53008A50D6 /* Project object */ = {
			isa = PBXProject;
			attributes = {
				BuildIndependentTargetsInParallel = 1;
				LastSwiftUpdateCheck = 1400;
				LastUpgradeCheck = 1400;
				TargetAttributes = {
					F463402E2918FE53008A50D6 = {
						CreatedOnToolsVersion = 14.0;
					};
				};
			};
			buildConfigurationList = F463402A2918FE53008A50D6 /* Build configuration list for PBXProject "Study-Matching" */;
			compatibilityVersion = "Xcode 14.0";
			developmentRegion = en;
			hasScannedForEncodings = 0;
			knownRegions = (
				en,
				Base,
			);
			mainGroup = F46340262918FE53008A50D6;
			packageReferences = (
				F451199B291928C10058571C /* XCRemoteSwiftPackageReference "SnapKit" */,
				F433402E291E12FA00F46725 /* XCRemoteSwiftPackageReference "RxSwift" */,
				F4594E6E2920A5330071CFC2 /* XCRemoteSwiftPackageReference "firebase-ios-sdk" */,
				F464068029287898008E6F8F /* XCRemoteSwiftPackageReference "MultiSlider" */,
			);
			productRefGroup = F46340302918FE53008A50D6 /* Products */;
			projectDirPath = "";
			projectRoot = "";
			targets = (
				F463402E2918FE53008A50D6 /* Study-Matching */,
			);
		};
/* End PBXProject section */

/* Begin PBXResourcesBuildPhase section */
		F463402D2918FE53008A50D6 /* Resources */ = {
			isa = PBXResourcesBuildPhase;
			buildActionMask = 2147483647;
			files = (
				F463403F2918FE54008A50D6 /* LaunchScreen.storyboard in Resources */,
				F47AF0BE2922097800AA0789 /* GoogleService-Info.plist in Resources */,
				F454E4A3291A1CDB0064BCC4 /* NotoSansCJKkr-Regular.otf in Resources */,
				F463403C2918FE54008A50D6 /* Assets.xcassets in Resources */,
				F454E4A2291A1CDB0064BCC4 /* NotoSansCJKkr-Medium.otf in Resources */,
			);
			runOnlyForDeploymentPostprocessing = 0;
		};
/* End PBXResourcesBuildPhase section */

/* Begin PBXSourcesBuildPhase section */
		F463402B2918FE53008A50D6 /* Sources */ = {
			isa = PBXSourcesBuildPhase;
			buildActionMask = 2147483647;
			files = (
				F45119AA29193BBA0058571C /* AuthViewModel.swift in Sources */,
				F4034CCE29191B1400423FAF /* AppDelegate.swift in Sources */,
				F451199A291926A00058571C /* SeSacButton.swift in Sources */,
				F4D8A6EB292A6CAA00C25A57 /* ResultType.swift in Sources */,
				F454E4A7291A24610064BCC4 /* SeSacLabel.swift in Sources */,
				F48B3072292270B100DD5E12 /* ProfileView.swift in Sources */,
				F4D8A6FA292A806B00C25A57 /* SearchViewModel.swift in Sources */,
				F4034CCD29191B1400423FAF /* NSObject.swift in Sources */,
				F4A94AA82924FD87007B96AE /* SesacTabBarController.swift in Sources */,
				F45119A829193B9F0058571C /* SMSView.swift in Sources */,
				F488D78729211AE6002E4B57 /* FirebaseError.swift in Sources */,
				F45119BF291941620058571C /* EmailView.swift in Sources */,
				F4F103D2291CC66600C2020C /* OnBoardingFooterView.swift in Sources */,
				F4586464291F8A0900993A6D /* BirthViewModel.swift in Sources */,
				F4034CD029191B1400423FAF /* BaseCode.swift in Sources */,
				F499C449291F546000C4B117 /* FirebaseService.swift in Sources */,
				F454E4A9291A66070064BCC4 /* SesacDateLabel.swift in Sources */,
				F45119AC29193BCD0058571C /* SMSViewModel.swift in Sources */,
				F45119C3291941A00058571C /* NicknameViewController.swift in Sources */,
				F41E0E382925AB0000B28291 /* GenderDataSource.swift in Sources */,
				F47AF0BA292201A800AA0789 /* FakerView.swift in Sources */,
				F4D8A6F8292A7CC500C25A57 /* SearchBottomCell.swift in Sources */,
				F4F103CE291CBF8A00C2020C /* SeSacImage.swift in Sources */,
				F41E0E342925A64D00B28291 /* MyInfoDataSource.swift in Sources */,
				F4586468291FA90600993A6D /* Date.swift in Sources */,
				F4D29804292508D700A3AAB7 /* MyInfoView.swift in Sources */,
				F45119A229193AB20058571C /* AuthViewController.swift in Sources */,
				F48B3082292279C900DD5E12 /* ProfileSubCell.swift in Sources */,
				F4A8A77E292487DE00B94EC7 /* StudyView.swift in Sources */,
				F45119C9291941B80058571C /* GenderViewController.swift in Sources */,
				F4D29808292508F500A3AAB7 /* MyInfoHeaderView.swift in Sources */,
				F4A8A77C292487CB00B94EC7 /* Gender2View.swift in Sources */,
				F42EE500292B61B7007336DB /* MemoleaseQueue.swift in Sources */,
				F45119BB291941550058571C /* NicknameView.swift in Sources */,
				F41E0E322925A12E00B28291 /* ProfileDataSource.swift in Sources */,
				F463F17C2929340600CE644C /* SeSacButton+.swift in Sources */,
				F451199F29192DC80058571C /* SeSacFont.swift in Sources */,
				F488D78C29212324002E4B57 /* MemoleaseRouter.swift in Sources */,
				F45119BD2919415D0058571C /* BirthView.swift in Sources */,
				F4034CC829191B1400423FAF /* MainCell.swift in Sources */,
				F45119972919230B0058571C /* SeSacColor.swift in Sources */,
				F4586475291FB33600993A6D /* GenderCell.swift in Sources */,
				F4D8A6EF292A78F700C25A57 /* SearchView.swift in Sources */,
				F47AF0B82922019700AA0789 /* FakerViewController.swift in Sources */,
				F4D3B38F2929B29E00FA6B04 /* CGFloat.swift in Sources */,
				F45119A629193B930058571C /* AuthView.swift in Sources */,
				F45119CB291942720058571C /* SeSacTextField.swift in Sources */,
				F4034CC529191B1400423FAF /* MainViewModel.swift in Sources */,
				F488D78E29212665002E4B57 /* HTTPMethod.swift in Sources */,
				F4F103CA291CBD0E00C2020C /* OnBoardingViewController.swift in Sources */,
				F4034CCC29191B1400423FAF /* UIViewController.swift in Sources */,
				F4034CC929191B1400423FAF /* BaseViewCollectionViewCell.swift in Sources */,
				F42EE4FD292B4E50007336DB /* UIView.swift in Sources */,
				F48B30802922795A00DD5E12 /* ProfileHeaderView.swift in Sources */,
				F4D8A6F6292A7C0100C25A57 /* SearchHeaderView.swift in Sources */,
				F488D78929212290002E4B57 /* MemoleaseService.swift in Sources */,
				F4A8A7842924885100B94EC7 /* WithDrawView.swift in Sources */,
				F45119C7291941B10058571C /* EmailViewController.swift in Sources */,
				F4F103CC291CBD1700C2020C /* OnBoardingView.swift in Sources */,
				F48B3070292270A800DD5E12 /* ProfileViewController.swift in Sources */,
				F4A79EB0292D05310010E44F /* MemoleaseTargetType.swift in Sources */,
				F4586466291F900E00993A6D /* EmailViewModel.swift in Sources */,
				F488D7902921308A002E4B57 /* MemoleaseError.swift in Sources */,
				F4586462291F77AB00993A6D /* NickNameViewModel.swift in Sources */,
				F4034CCF29191B1400423FAF /* SceneDelegate.swift in Sources */,
				F4D29802292508D100A3AAB7 /* MyInfoViewController.swift in Sources */,
				F4A8A780292487E800B94EC7 /* SwitchView.swift in Sources */,
				F4A8A782292487F200B94EC7 /* AgeView.swift in Sources */,
				F41E0E422925D7DC00B28291 /* MyInfoViewModel.swift in Sources */,
				F45119C5291941AB0058571C /* BirthViewController.swift in Sources */,
				F4034CCA29191B1400423FAF /* BaseViewContoroller.swift in Sources */,
				F4D8A6F3292A791600C25A57 /* SearchTopCell.swift in Sources */,
				F499C44C291F55C200C4B117 /* UserdefaultsManager.swift in Sources */,
				F4334034291E177400F46725 /* OnboardingViewModel.swift in Sources */,
				F456375D2921538700CDF1BA /* MemoleaseUser.swift in Sources */,
				F4D29806292508E000A3AAB7 /* MyInfoCell.swift in Sources */,
				F4586473291FB32800993A6D /* GenderViewModel.swift in Sources */,
				F4034CCB29191B1400423FAF /* BaseView.swift in Sources */,
				F48B3074292270B800DD5E12 /* ProfileMainCell.swift in Sources */,
				F4D3B3922929D21400FA6B04 /* SeSacAlertController.swift in Sources */,
				F45119C1291941680058571C /* GenderView.swift in Sources */,
				F4A8A78B2924B0F900B94EC7 /* CardStackView.swift in Sources */,
				F4034CC729191B1400423FAF /* HomeView.swift in Sources */,
				F4F103D0291CC1C300C2020C /* OnboardCell.swift in Sources */,
				F4D8A6ED292A78F100C25A57 /* SearchViewController.swift in Sources */,
				F4D8A6F1292A790900C25A57 /* SearchDataSource.swift in Sources */,
				F4034CC629191B1400423FAF /* HomeViewController.swift in Sources */,
				F45119A429193AEB0058571C /* SMSViewController.swift in Sources */,
				F4594E752920C29F0071CFC2 /* String.swift in Sources */,
				F41E0E362925A83000B28291 /* OnBoardingDataSource.swift in Sources */,
				F4D3B396292A36F700FA6B04 /* DataSourceRegistration.swift in Sources */,
			);
			runOnlyForDeploymentPostprocessing = 0;
		};
/* End PBXSourcesBuildPhase section */

/* Begin PBXVariantGroup section */
		F463403D2918FE54008A50D6 /* LaunchScreen.storyboard */ = {
			isa = PBXVariantGroup;
			children = (
				F463403E2918FE54008A50D6 /* Base */,
			);
			name = LaunchScreen.storyboard;
			sourceTree = "<group>";
		};
/* End PBXVariantGroup section */

/* Begin XCBuildConfiguration section */
		F46340412918FE54008A50D6 /* Debug */ = {
			isa = XCBuildConfiguration;
			buildSettings = {
				ALWAYS_SEARCH_USER_PATHS = NO;
				CLANG_ANALYZER_NONNULL = YES;
				CLANG_ANALYZER_NUMBER_OBJECT_CONVERSION = YES_AGGRESSIVE;
				CLANG_CXX_LANGUAGE_STANDARD = "gnu++20";
				CLANG_ENABLE_MODULES = YES;
				CLANG_ENABLE_OBJC_ARC = YES;
				CLANG_ENABLE_OBJC_WEAK = YES;
				CLANG_WARN_BLOCK_CAPTURE_AUTORELEASING = YES;
				CLANG_WARN_BOOL_CONVERSION = YES;
				CLANG_WARN_COMMA = YES;
				CLANG_WARN_CONSTANT_CONVERSION = YES;
				CLANG_WARN_DEPRECATED_OBJC_IMPLEMENTATIONS = YES;
				CLANG_WARN_DIRECT_OBJC_ISA_USAGE = YES_ERROR;
				CLANG_WARN_DOCUMENTATION_COMMENTS = YES;
				CLANG_WARN_EMPTY_BODY = YES;
				CLANG_WARN_ENUM_CONVERSION = YES;
				CLANG_WARN_INFINITE_RECURSION = YES;
				CLANG_WARN_INT_CONVERSION = YES;
				CLANG_WARN_NON_LITERAL_NULL_CONVERSION = YES;
				CLANG_WARN_OBJC_IMPLICIT_RETAIN_SELF = YES;
				CLANG_WARN_OBJC_LITERAL_CONVERSION = YES;
				CLANG_WARN_OBJC_ROOT_CLASS = YES_ERROR;
				CLANG_WARN_QUOTED_INCLUDE_IN_FRAMEWORK_HEADER = YES;
				CLANG_WARN_RANGE_LOOP_ANALYSIS = YES;
				CLANG_WARN_STRICT_PROTOTYPES = YES;
				CLANG_WARN_SUSPICIOUS_MOVE = YES;
				CLANG_WARN_UNGUARDED_AVAILABILITY = YES_AGGRESSIVE;
				CLANG_WARN_UNREACHABLE_CODE = YES;
				CLANG_WARN__DUPLICATE_METHOD_MATCH = YES;
				COPY_PHASE_STRIP = NO;
				DEBUG_INFORMATION_FORMAT = dwarf;
				ENABLE_STRICT_OBJC_MSGSEND = YES;
				ENABLE_TESTABILITY = YES;
				GCC_C_LANGUAGE_STANDARD = gnu11;
				GCC_DYNAMIC_NO_PIC = NO;
				GCC_NO_COMMON_BLOCKS = YES;
				GCC_OPTIMIZATION_LEVEL = 0;
				GCC_PREPROCESSOR_DEFINITIONS = (
					"DEBUG=1",
					"$(inherited)",
				);
				GCC_WARN_64_TO_32_BIT_CONVERSION = YES;
				GCC_WARN_ABOUT_RETURN_TYPE = YES_ERROR;
				GCC_WARN_UNDECLARED_SELECTOR = YES;
				GCC_WARN_UNINITIALIZED_AUTOS = YES_AGGRESSIVE;
				GCC_WARN_UNUSED_FUNCTION = YES;
				GCC_WARN_UNUSED_VARIABLE = YES;
				IPHONEOS_DEPLOYMENT_TARGET = 16.0;
				MTL_ENABLE_DEBUG_INFO = INCLUDE_SOURCE;
				MTL_FAST_MATH = YES;
				ONLY_ACTIVE_ARCH = YES;
				SDKROOT = iphoneos;
				SWIFT_ACTIVE_COMPILATION_CONDITIONS = DEBUG;
				SWIFT_OPTIMIZATION_LEVEL = "-Onone";
			};
			name = Debug;
		};
		F46340422918FE54008A50D6 /* Release */ = {
			isa = XCBuildConfiguration;
			buildSettings = {
				ALWAYS_SEARCH_USER_PATHS = NO;
				CLANG_ANALYZER_NONNULL = YES;
				CLANG_ANALYZER_NUMBER_OBJECT_CONVERSION = YES_AGGRESSIVE;
				CLANG_CXX_LANGUAGE_STANDARD = "gnu++20";
				CLANG_ENABLE_MODULES = YES;
				CLANG_ENABLE_OBJC_ARC = YES;
				CLANG_ENABLE_OBJC_WEAK = YES;
				CLANG_WARN_BLOCK_CAPTURE_AUTORELEASING = YES;
				CLANG_WARN_BOOL_CONVERSION = YES;
				CLANG_WARN_COMMA = YES;
				CLANG_WARN_CONSTANT_CONVERSION = YES;
				CLANG_WARN_DEPRECATED_OBJC_IMPLEMENTATIONS = YES;
				CLANG_WARN_DIRECT_OBJC_ISA_USAGE = YES_ERROR;
				CLANG_WARN_DOCUMENTATION_COMMENTS = YES;
				CLANG_WARN_EMPTY_BODY = YES;
				CLANG_WARN_ENUM_CONVERSION = YES;
				CLANG_WARN_INFINITE_RECURSION = YES;
				CLANG_WARN_INT_CONVERSION = YES;
				CLANG_WARN_NON_LITERAL_NULL_CONVERSION = YES;
				CLANG_WARN_OBJC_IMPLICIT_RETAIN_SELF = YES;
				CLANG_WARN_OBJC_LITERAL_CONVERSION = YES;
				CLANG_WARN_OBJC_ROOT_CLASS = YES_ERROR;
				CLANG_WARN_QUOTED_INCLUDE_IN_FRAMEWORK_HEADER = YES;
				CLANG_WARN_RANGE_LOOP_ANALYSIS = YES;
				CLANG_WARN_STRICT_PROTOTYPES = YES;
				CLANG_WARN_SUSPICIOUS_MOVE = YES;
				CLANG_WARN_UNGUARDED_AVAILABILITY = YES_AGGRESSIVE;
				CLANG_WARN_UNREACHABLE_CODE = YES;
				CLANG_WARN__DUPLICATE_METHOD_MATCH = YES;
				COPY_PHASE_STRIP = NO;
				DEBUG_INFORMATION_FORMAT = "dwarf-with-dsym";
				ENABLE_NS_ASSERTIONS = NO;
				ENABLE_STRICT_OBJC_MSGSEND = YES;
				GCC_C_LANGUAGE_STANDARD = gnu11;
				GCC_NO_COMMON_BLOCKS = YES;
				GCC_WARN_64_TO_32_BIT_CONVERSION = YES;
				GCC_WARN_ABOUT_RETURN_TYPE = YES_ERROR;
				GCC_WARN_UNDECLARED_SELECTOR = YES;
				GCC_WARN_UNINITIALIZED_AUTOS = YES_AGGRESSIVE;
				GCC_WARN_UNUSED_FUNCTION = YES;
				GCC_WARN_UNUSED_VARIABLE = YES;
				IPHONEOS_DEPLOYMENT_TARGET = 16.0;
				MTL_ENABLE_DEBUG_INFO = NO;
				MTL_FAST_MATH = YES;
				SDKROOT = iphoneos;
				SWIFT_COMPILATION_MODE = wholemodule;
				SWIFT_OPTIMIZATION_LEVEL = "-O";
				VALIDATE_PRODUCT = YES;
			};
			name = Release;
		};
		F46340442918FE54008A50D6 /* Debug */ = {
			isa = XCBuildConfiguration;
			buildSettings = {
				ASSETCATALOG_COMPILER_APPICON_NAME = AppIcon;
				ASSETCATALOG_COMPILER_GLOBAL_ACCENT_COLOR_NAME = AccentColor;
				CODE_SIGN_ENTITLEMENTS = "Study-Matching/Study-Matching.entitlements";
				CODE_SIGN_STYLE = Automatic;
				CURRENT_PROJECT_VERSION = 1;
				DEVELOPMENT_TEAM = M526U856M5;
				GENERATE_INFOPLIST_FILE = YES;
				INFOPLIST_FILE = "Study-Matching/Supportings/Info.plist";
				INFOPLIST_KEY_UIApplicationSupportsIndirectInputEvents = YES;
				INFOPLIST_KEY_UILaunchStoryboardName = LaunchScreen;
				INFOPLIST_KEY_UISupportedInterfaceOrientations_iPad = "UIInterfaceOrientationPortrait UIInterfaceOrientationPortraitUpsideDown UIInterfaceOrientationLandscapeLeft UIInterfaceOrientationLandscapeRight";
				INFOPLIST_KEY_UISupportedInterfaceOrientations_iPhone = "UIInterfaceOrientationPortrait UIInterfaceOrientationLandscapeLeft UIInterfaceOrientationLandscapeRight";
				IPHONEOS_DEPLOYMENT_TARGET = 15.0;
				LD_RUNPATH_SEARCH_PATHS = (
					"$(inherited)",
					"@executable_path/Frameworks",
				);
				MARKETING_VERSION = 1.0;
				PRODUCT_BUNDLE_IDENTIFIER = com.memolease.sesacslp;
				PRODUCT_NAME = "$(TARGET_NAME)";
				SUPPORTED_PLATFORMS = "iphoneos iphonesimulator";
				SUPPORTS_MACCATALYST = NO;
				SUPPORTS_MAC_DESIGNED_FOR_IPHONE_IPAD = NO;
				SWIFT_EMIT_LOC_STRINGS = YES;
				SWIFT_VERSION = 5.0;
				TARGETED_DEVICE_FAMILY = 1;
			};
			name = Debug;
		};
		F46340452918FE54008A50D6 /* Release */ = {
			isa = XCBuildConfiguration;
			buildSettings = {
				ASSETCATALOG_COMPILER_APPICON_NAME = AppIcon;
				ASSETCATALOG_COMPILER_GLOBAL_ACCENT_COLOR_NAME = AccentColor;
				CODE_SIGN_ENTITLEMENTS = "Study-Matching/Study-Matching.entitlements";
				CODE_SIGN_STYLE = Automatic;
				CURRENT_PROJECT_VERSION = 1;
				DEVELOPMENT_TEAM = M526U856M5;
				GENERATE_INFOPLIST_FILE = YES;
				INFOPLIST_FILE = "Study-Matching/Supportings/Info.plist";
				INFOPLIST_KEY_UIApplicationSupportsIndirectInputEvents = YES;
				INFOPLIST_KEY_UILaunchStoryboardName = LaunchScreen;
				INFOPLIST_KEY_UISupportedInterfaceOrientations_iPad = "UIInterfaceOrientationPortrait UIInterfaceOrientationPortraitUpsideDown UIInterfaceOrientationLandscapeLeft UIInterfaceOrientationLandscapeRight";
				INFOPLIST_KEY_UISupportedInterfaceOrientations_iPhone = "UIInterfaceOrientationPortrait UIInterfaceOrientationLandscapeLeft UIInterfaceOrientationLandscapeRight";
				IPHONEOS_DEPLOYMENT_TARGET = 15.0;
				LD_RUNPATH_SEARCH_PATHS = (
					"$(inherited)",
					"@executable_path/Frameworks",
				);
				MARKETING_VERSION = 1.0;
				PRODUCT_BUNDLE_IDENTIFIER = com.memolease.sesacslp;
				PRODUCT_NAME = "$(TARGET_NAME)";
				SUPPORTED_PLATFORMS = "iphoneos iphonesimulator";
				SUPPORTS_MACCATALYST = NO;
				SUPPORTS_MAC_DESIGNED_FOR_IPHONE_IPAD = NO;
				SWIFT_EMIT_LOC_STRINGS = YES;
				SWIFT_VERSION = 5.0;
				TARGETED_DEVICE_FAMILY = 1;
			};
			name = Release;
		};
/* End XCBuildConfiguration section */

/* Begin XCConfigurationList section */
		F463402A2918FE53008A50D6 /* Build configuration list for PBXProject "Study-Matching" */ = {
			isa = XCConfigurationList;
			buildConfigurations = (
				F46340412918FE54008A50D6 /* Debug */,
				F46340422918FE54008A50D6 /* Release */,
			);
			defaultConfigurationIsVisible = 0;
			defaultConfigurationName = Release;
		};
		F46340432918FE54008A50D6 /* Build configuration list for PBXNativeTarget "Study-Matching" */ = {
			isa = XCConfigurationList;
			buildConfigurations = (
				F46340442918FE54008A50D6 /* Debug */,
				F46340452918FE54008A50D6 /* Release */,
			);
			defaultConfigurationIsVisible = 0;
			defaultConfigurationName = Release;
		};
/* End XCConfigurationList section */

/* Begin XCRemoteSwiftPackageReference section */
		F433402E291E12FA00F46725 /* XCRemoteSwiftPackageReference "RxSwift" */ = {
			isa = XCRemoteSwiftPackageReference;
			repositoryURL = "https://github.com/ReactiveX/RxSwift";
			requirement = {
				kind = upToNextMajorVersion;
				minimumVersion = 6.0.0;
			};
		};
		F451199B291928C10058571C /* XCRemoteSwiftPackageReference "SnapKit" */ = {
			isa = XCRemoteSwiftPackageReference;
			repositoryURL = "https://github.com/SnapKit/SnapKit";
			requirement = {
				kind = upToNextMajorVersion;
				minimumVersion = 5.0.0;
			};
		};
		F4594E6E2920A5330071CFC2 /* XCRemoteSwiftPackageReference "firebase-ios-sdk" */ = {
			isa = XCRemoteSwiftPackageReference;
			repositoryURL = "https://github.com/firebase/firebase-ios-sdk";
			requirement = {
				kind = upToNextMajorVersion;
				minimumVersion = 9.0.0;
			};
		};
		F464068029287898008E6F8F /* XCRemoteSwiftPackageReference "MultiSlider" */ = {
			isa = XCRemoteSwiftPackageReference;
			repositoryURL = "https://github.com/yonat/MultiSlider.git";
			requirement = {
				kind = upToNextMajorVersion;
				minimumVersion = 1.0.0;
			};
		};
/* End XCRemoteSwiftPackageReference section */

/* Begin XCSwiftPackageProductDependency section */
		F433402F291E12FA00F46725 /* RxCocoa */ = {
			isa = XCSwiftPackageProductDependency;
			package = F433402E291E12FA00F46725 /* XCRemoteSwiftPackageReference "RxSwift" */;
			productName = RxCocoa;
		};
		F4334031291E12FA00F46725 /* RxSwift */ = {
			isa = XCSwiftPackageProductDependency;
			package = F433402E291E12FA00F46725 /* XCRemoteSwiftPackageReference "RxSwift" */;
			productName = RxSwift;
		};
		F451199C291928C10058571C /* SnapKit */ = {
			isa = XCSwiftPackageProductDependency;
			package = F451199B291928C10058571C /* XCRemoteSwiftPackageReference "SnapKit" */;
			productName = SnapKit;
		};
		F4594E6F2920A5330071CFC2 /* FirebaseAuth */ = {
			isa = XCSwiftPackageProductDependency;
			package = F4594E6E2920A5330071CFC2 /* XCRemoteSwiftPackageReference "firebase-ios-sdk" */;
			productName = FirebaseAuth;
		};
		F4594E712920A5330071CFC2 /* FirebaseMessaging */ = {
			isa = XCSwiftPackageProductDependency;
			package = F4594E6E2920A5330071CFC2 /* XCRemoteSwiftPackageReference "firebase-ios-sdk" */;
			productName = FirebaseMessaging;
		};
		F464068129287898008E6F8F /* MultiSlider */ = {
			isa = XCSwiftPackageProductDependency;
			package = F464068029287898008E6F8F /* XCRemoteSwiftPackageReference "MultiSlider" */;
			productName = MultiSlider;
		};
/* End XCSwiftPackageProductDependency section */
	};
	rootObject = F46340272918FE53008A50D6 /* Project object */;
}
